{
  "version": 4,
  "terraform_version": "0.12.29",
  "serial": 195,
  "lineage": "86398d51-4034-7e10-c303-b159bddbb4ec",
  "outputs": {
    "cluster_endpoint": {
      "value": "https://4A8AF78CADC60F06FE4F5B6841BA0014.gr7.ap-northeast-2.eks.amazonaws.com",
      "type": "string"
    },
    "config_map_aws_auth": {
      "value": [
        {
          "binary_data": null,
          "data": {
            "mapAccounts": "[]\n",
            "mapRoles": "- \"groups\":\n  - \"system:bootstrappers\"\n  - \"system:nodes\"\n  \"rolearn\": \"arn:aws:iam::525759056232:role/eks-terraform-jong20210604033754867800000008\"\n  \"username\": \"system:node:{{EC2PrivateDNSName}}\"\n",
            "mapUsers": "[]\n"
          },
          "id": "kube-system/aws-auth",
          "metadata": [
            {
              "annotations": null,
              "generate_name": "",
              "generation": 0,
              "labels": null,
              "name": "aws-auth",
              "namespace": "kube-system",
              "resource_version": "795",
              "self_link": "/api/v1/namespaces/kube-system/configmaps/aws-auth",
              "uid": "5c5c1ce8-d285-4370-b1bf-62a78771b4d7"
            }
          ]
        }
      ],
      "type": [
        "tuple",
        [
          [
            "object",
            {
              "binary_data": [
                "map",
                "string"
              ],
              "data": [
                "map",
                "string"
              ],
              "id": "string",
              "metadata": [
                "list",
                [
                  "object",
                  {
                    "annotations": [
                      "map",
                      "string"
                    ],
                    "generate_name": "string",
                    "generation": "number",
                    "labels": [
                      "map",
                      "string"
                    ],
                    "name": "string",
                    "namespace": "string",
                    "resource_version": "string",
                    "self_link": "string",
                    "uid": "string"
                  }
                ]
              ]
            }
          ]
        ]
      ]
    },
    "kubectl_config": {
      "value": "apiVersion: v1\npreferences: {}\nkind: Config\n\nclusters:\n- cluster:\n    server: https://4A8AF78CADC60F06FE4F5B6841BA0014.gr7.ap-northeast-2.eks.amazonaws.com\n    certificate-authority-data: LS0tLS1CRUdJTiBDRVJUSUZJQ0FURS0tLS0tCk1JSUN5RENDQWJDZ0F3SUJBZ0lCQURBTkJna3Foa2lHOXcwQkFRc0ZBREFWTVJNd0VRWURWUVFERXdwcmRXSmwKY201bGRHVnpNQjRYRFRJeE1EWXdOREF6TXpNME1Gb1hEVE14TURZd01qQXpNek0wTUZvd0ZURVRNQkVHQTFVRQpBeE1LYTNWaVpYSnVaWFJsY3pDQ0FTSXdEUVlKS29aSWh2Y05BUUVCQlFBRGdnRVBBRENDQVFvQ2dnRUJBS0w5CmxzRkNNSEl0cW0xcFk1Sk0wQ0NHSksyRCtFczBISForMmJDWVpRbVJVSnU2ekhhRXR6QW9JRHBEMDNoeVExd1MKaS9MNkpEbFN6RzBVNzBBc09ma0k4RXp1UjhDakRYc2hMY3JPa2c1cmNZUXlyb3ZjZkk5c2NaRitGcG56MllRYwphQW1TZlY2bUcvdXZiZWI3d2NEUzFXWkxJdmljUlNwQ29NKzZWUHVXZXROZHJhS2tZcEpWdStXUGgwSlc1NlZHClRUWDBtR0pPYWhwMXFoazV2NkNnYTNSRkcwb3dhUFgweGR6T2lXZE1UYmxQL0gwdHZrbmtMUEZSeTZvMlNsWUEKd1MxeXBEZStMVE42S04yM3gzL01OMS95MTd2QVdIKzRMNWh5M3RkZVdsVUxEWEtWSSt4UDFKalZlNTJNL2x2TgpzRjFNNW9ZVE5yMjhzSHQ5NEhrQ0F3RUFBYU1qTUNFd0RnWURWUjBQQVFIL0JBUURBZ0trTUE4R0ExVWRFd0VCCi93UUZNQU1CQWY4d0RRWUpLb1pJaHZjTkFRRUxCUUFEZ2dFQkFGNlp6ZXYxc0F4WVRLeFJkUkQzSlc1WHNHNkcKRXgvSVlHSXdaN09tVjlhYlZXbzg3Z25tc2FZK0VSdS9DcGpMb212MkZ2YmlNRHg4c2lNUVRJV0cyb2l5d3h6cQpLMTVHWFQ0b2xyOFYzMnliU1hKVkhPdUQvQWNlb3ZOaVNFalkxMjU3N2xpdjZwUXRpNlkwalY1eGJlOWdGeTl4CmZOM0N5c3JjY2tmdmpPMWZFMTVJa1NFRjNnQWtwb01WWnY2U1h3L0xFY2pvNTVpdWpJMkVadmJ3Ukg5emhZUk4KTVdJN1VZNVpDdDFEQlVOQWdpeDk0dDQrWDRGLzVsZ0pvN3pqcUxzNDk0MmJ2RkVBaUpZREdkbERSUHRSRjdXawp4cjRwK2lUT2ZZR1pFN2s1ZVhOZURUN2pzbTI1L0VhWnVUTVpvU1FMdnhvNlBJT2xUSDd5THIzdFBKUT0KLS0tLS1FTkQgQ0VSVElGSUNBVEUtLS0tLQo=\n  name: eks_eks-terraform-jong\n\ncontexts:\n- context:\n    cluster: eks_eks-terraform-jong\n    user: eks_eks-terraform-jong\n  name: eks_eks-terraform-jong\n\ncurrent-context: eks_eks-terraform-jong\n\nusers:\n- name: eks_eks-terraform-jong\n  user:\n    exec:\n      apiVersion: client.authentication.k8s.io/v1alpha1\n      command: aws-iam-authenticator\n      args:\n        - \"token\"\n        - \"-i\"\n        - \"eks-terraform-jong\"\n",
      "type": "string"
    },
    "nat_gateway_id": {
      "value": "nat-09deeed123ca81252",
      "type": "string"
    }
  },
  "resources": [
    {
      "module": "module.eks",
      "mode": "data",
      "type": "aws_ami",
      "name": "eks_worker",
      "provider": "provider.aws",
      "instances": [
        {
          "schema_version": 0,
          "attributes": {
            "architecture": "x86_64",
            "arn": "arn:aws:ec2:ap-northeast-2::image/ami-0fe33b69c98a70bc4",
            "block_device_mappings": [
              {
                "device_name": "/dev/xvda",
                "ebs": {
                  "delete_on_termination": "true",
                  "encrypted": "false",
                  "iops": "0",
                  "snapshot_id": "snap-09af538eeae51e770",
                  "throughput": "0",
                  "volume_size": "20",
                  "volume_type": "gp2"
                },
                "no_device": "",
                "virtual_name": ""
              }
            ],
            "creation_date": "2021-05-26T22:51:26.000Z",
            "description": "EKS Kubernetes Worker AMI with AmazonLinux2 image, (k8s: 1.17.12, docker: 19.03.13ce-1.amzn2, containerd: 1.4.1-2.amzn2)",
            "ena_support": true,
            "executable_users": null,
            "filter": [
              {
                "name": "name",
                "values": [
                  "amazon-eks-node-1.17-v*"
                ]
              }
            ],
            "hypervisor": "xen",
            "id": "ami-0fe33b69c98a70bc4",
            "image_id": "ami-0fe33b69c98a70bc4",
            "image_location": "amazon/amazon-eks-node-1.17-v20210526",
            "image_owner_alias": "amazon",
            "image_type": "machine",
            "kernel_id": null,
            "most_recent": true,
            "name": "amazon-eks-node-1.17-v20210526",
            "name_regex": null,
            "owner_id": "602401143452",
            "owners": [
              "602401143452"
            ],
            "platform": null,
            "platform_details": "Linux/UNIX",
            "product_codes": [],
            "public": true,
            "ramdisk_id": null,
            "root_device_name": "/dev/xvda",
            "root_device_type": "ebs",
            "root_snapshot_id": "snap-09af538eeae51e770",
            "sriov_net_support": "simple",
            "state": "available",
            "state_reason": {
              "code": "UNSET",
              "message": "UNSET"
            },
            "tags": {},
            "usage_operation": "RunInstances",
            "virtualization_type": "hvm"
          }
        }
      ]
    },
    {
      "module": "module.eks",
      "mode": "data",
      "type": "aws_ami",
      "name": "eks_worker_windows",
      "provider": "provider.aws",
      "instances": [
        {
          "schema_version": 0,
          "attributes": {
            "architecture": "x86_64",
            "arn": "arn:aws:ec2:ap-northeast-2::image/ami-003cf45bb2ca28734",
            "block_device_mappings": [
              {
                "device_name": "/dev/sda1",
                "ebs": {
                  "delete_on_termination": "true",
                  "encrypted": "false",
                  "iops": "0",
                  "snapshot_id": "snap-0a3ba91d8d4051310",
                  "throughput": "0",
                  "volume_size": "50",
                  "volume_type": "gp2"
                },
                "no_device": "",
                "virtual_name": ""
              },
              {
                "device_name": "xvdca",
                "ebs": {},
                "no_device": "",
                "virtual_name": "ephemeral0"
              },
              {
                "device_name": "xvdcb",
                "ebs": {},
                "no_device": "",
                "virtual_name": "ephemeral1"
              },
              {
                "device_name": "xvdcc",
                "ebs": {},
                "no_device": "",
                "virtual_name": "ephemeral2"
              },
              {
                "device_name": "xvdcd",
                "ebs": {},
                "no_device": "",
                "virtual_name": "ephemeral3"
              },
              {
                "device_name": "xvdce",
                "ebs": {},
                "no_device": "",
                "virtual_name": "ephemeral4"
              },
              {
                "device_name": "xvdcf",
                "ebs": {},
                "no_device": "",
                "virtual_name": "ephemeral5"
              },
              {
                "device_name": "xvdcg",
                "ebs": {},
                "no_device": "",
                "virtual_name": "ephemeral6"
              },
              {
                "device_name": "xvdch",
                "ebs": {},
                "no_device": "",
                "virtual_name": "ephemeral7"
              },
              {
                "device_name": "xvdci",
                "ebs": {},
                "no_device": "",
                "virtual_name": "ephemeral8"
              },
              {
                "device_name": "xvdcj",
                "ebs": {},
                "no_device": "",
                "virtual_name": "ephemeral9"
              },
              {
                "device_name": "xvdck",
                "ebs": {},
                "no_device": "",
                "virtual_name": "ephemeral10"
              },
              {
                "device_name": "xvdcl",
                "ebs": {},
                "no_device": "",
                "virtual_name": "ephemeral11"
              },
              {
                "device_name": "xvdcm",
                "ebs": {},
                "no_device": "",
                "virtual_name": "ephemeral12"
              },
              {
                "device_name": "xvdcn",
                "ebs": {},
                "no_device": "",
                "virtual_name": "ephemeral13"
              },
              {
                "device_name": "xvdco",
                "ebs": {},
                "no_device": "",
                "virtual_name": "ephemeral14"
              },
              {
                "device_name": "xvdcp",
                "ebs": {},
                "no_device": "",
                "virtual_name": "ephemeral15"
              },
              {
                "device_name": "xvdcq",
                "ebs": {},
                "no_device": "",
                "virtual_name": "ephemeral16"
              },
              {
                "device_name": "xvdcr",
                "ebs": {},
                "no_device": "",
                "virtual_name": "ephemeral17"
              },
              {
                "device_name": "xvdcs",
                "ebs": {},
                "no_device": "",
                "virtual_name": "ephemeral18"
              },
              {
                "device_name": "xvdct",
                "ebs": {},
                "no_device": "",
                "virtual_name": "ephemeral19"
              },
              {
                "device_name": "xvdcu",
                "ebs": {},
                "no_device": "",
                "virtual_name": "ephemeral20"
              },
              {
                "device_name": "xvdcv",
                "ebs": {},
                "no_device": "",
                "virtual_name": "ephemeral21"
              },
              {
                "device_name": "xvdcw",
                "ebs": {},
                "no_device": "",
                "virtual_name": "ephemeral22"
              },
              {
                "device_name": "xvdcx",
                "ebs": {},
                "no_device": "",
                "virtual_name": "ephemeral23"
              },
              {
                "device_name": "xvdcy",
                "ebs": {},
                "no_device": "",
                "virtual_name": "ephemeral24"
              },
              {
                "device_name": "xvdcz",
                "ebs": {},
                "no_device": "",
                "virtual_name": "ephemeral25"
              }
            ],
            "creation_date": "2021-05-19T22:48:30.000Z",
            "description": "Microsoft Windows Server 2019 Core optimized for EKS and provided by Amazon",
            "ena_support": true,
            "executable_users": null,
            "filter": [
              {
                "name": "name",
                "values": [
                  "Windows_Server-2019-English-Core-EKS_Optimized-1.17-*"
                ]
              },
              {
                "name": "platform",
                "values": [
                  "windows"
                ]
              }
            ],
            "hypervisor": "xen",
            "id": "ami-003cf45bb2ca28734",
            "image_id": "ami-003cf45bb2ca28734",
            "image_location": "amazon/Windows_Server-2019-English-Core-EKS_Optimized-1.17-2021.05.18",
            "image_owner_alias": "amazon",
            "image_type": "machine",
            "kernel_id": null,
            "most_recent": true,
            "name": "Windows_Server-2019-English-Core-EKS_Optimized-1.17-2021.05.18",
            "name_regex": null,
            "owner_id": "801119661308",
            "owners": [
              "801119661308"
            ],
            "platform": "windows",
            "platform_details": "Windows",
            "product_codes": [],
            "public": true,
            "ramdisk_id": null,
            "root_device_name": "/dev/sda1",
            "root_device_type": "ebs",
            "root_snapshot_id": "snap-0a3ba91d8d4051310",
            "sriov_net_support": "simple",
            "state": "available",
            "state_reason": {
              "code": "UNSET",
              "message": "UNSET"
            },
            "tags": {},
            "usage_operation": "RunInstances:0002",
            "virtualization_type": "hvm"
          }
        }
      ]
    },
    {
      "module": "module.eks",
      "mode": "data",
      "type": "aws_caller_identity",
      "name": "current",
      "provider": "provider.aws",
      "instances": [
        {
          "schema_version": 0,
          "attributes": {
            "account_id": "525759056232",
            "arn": "arn:aws:iam::525759056232:root",
            "id": "525759056232",
            "user_id": "525759056232"
          }
        }
      ]
    },
    {
      "mode": "data",
      "type": "aws_eks_cluster",
      "name": "cluster",
      "provider": "provider.aws",
      "instances": [
        {
          "schema_version": 0,
          "attributes": {
            "arn": "arn:aws:eks:ap-northeast-2:525759056232:cluster/eks-terraform-jong",
            "certificate_authority": [
              {
                "data": "LS0tLS1CRUdJTiBDRVJUSUZJQ0FURS0tLS0tCk1JSUN5RENDQWJDZ0F3SUJBZ0lCQURBTkJna3Foa2lHOXcwQkFRc0ZBREFWTVJNd0VRWURWUVFERXdwcmRXSmwKY201bGRHVnpNQjRYRFRJeE1EWXdOREF6TXpNME1Gb1hEVE14TURZd01qQXpNek0wTUZvd0ZURVRNQkVHQTFVRQpBeE1LYTNWaVpYSnVaWFJsY3pDQ0FTSXdEUVlKS29aSWh2Y05BUUVCQlFBRGdnRVBBRENDQVFvQ2dnRUJBS0w5CmxzRkNNSEl0cW0xcFk1Sk0wQ0NHSksyRCtFczBISForMmJDWVpRbVJVSnU2ekhhRXR6QW9JRHBEMDNoeVExd1MKaS9MNkpEbFN6RzBVNzBBc09ma0k4RXp1UjhDakRYc2hMY3JPa2c1cmNZUXlyb3ZjZkk5c2NaRitGcG56MllRYwphQW1TZlY2bUcvdXZiZWI3d2NEUzFXWkxJdmljUlNwQ29NKzZWUHVXZXROZHJhS2tZcEpWdStXUGgwSlc1NlZHClRUWDBtR0pPYWhwMXFoazV2NkNnYTNSRkcwb3dhUFgweGR6T2lXZE1UYmxQL0gwdHZrbmtMUEZSeTZvMlNsWUEKd1MxeXBEZStMVE42S04yM3gzL01OMS95MTd2QVdIKzRMNWh5M3RkZVdsVUxEWEtWSSt4UDFKalZlNTJNL2x2TgpzRjFNNW9ZVE5yMjhzSHQ5NEhrQ0F3RUFBYU1qTUNFd0RnWURWUjBQQVFIL0JBUURBZ0trTUE4R0ExVWRFd0VCCi93UUZNQU1CQWY4d0RRWUpLb1pJaHZjTkFRRUxCUUFEZ2dFQkFGNlp6ZXYxc0F4WVRLeFJkUkQzSlc1WHNHNkcKRXgvSVlHSXdaN09tVjlhYlZXbzg3Z25tc2FZK0VSdS9DcGpMb212MkZ2YmlNRHg4c2lNUVRJV0cyb2l5d3h6cQpLMTVHWFQ0b2xyOFYzMnliU1hKVkhPdUQvQWNlb3ZOaVNFalkxMjU3N2xpdjZwUXRpNlkwalY1eGJlOWdGeTl4CmZOM0N5c3JjY2tmdmpPMWZFMTVJa1NFRjNnQWtwb01WWnY2U1h3L0xFY2pvNTVpdWpJMkVadmJ3Ukg5emhZUk4KTVdJN1VZNVpDdDFEQlVOQWdpeDk0dDQrWDRGLzVsZ0pvN3pqcUxzNDk0MmJ2RkVBaUpZREdkbERSUHRSRjdXawp4cjRwK2lUT2ZZR1pFN2s1ZVhOZURUN2pzbTI1L0VhWnVUTVpvU1FMdnhvNlBJT2xUSDd5THIzdFBKUT0KLS0tLS1FTkQgQ0VSVElGSUNBVEUtLS0tLQo="
              }
            ],
            "created_at": "2021-06-04 03:28:05.064 +0000 UTC",
            "enabled_cluster_log_types": [],
            "endpoint": "https://4A8AF78CADC60F06FE4F5B6841BA0014.gr7.ap-northeast-2.eks.amazonaws.com",
            "id": "eks-terraform-jong",
            "identity": [
              {
                "oidc": [
                  {
                    "issuer": "https://oidc.eks.ap-northeast-2.amazonaws.com/id/4A8AF78CADC60F06FE4F5B6841BA0014"
                  }
                ]
              }
            ],
            "kubernetes_network_config": [
              {
                "service_ipv4_cidr": "10.100.0.0/16"
              }
            ],
            "name": "eks-terraform-jong",
            "platform_version": "eks.8",
            "role_arn": "arn:aws:iam::525759056232:role/eks-terraform-jong20210604032750471600000001",
            "status": "ACTIVE",
            "tags": {},
            "version": "1.17",
            "vpc_config": [
              {
                "cluster_security_group_id": "sg-0b8eb6127fb1c88c5",
                "endpoint_private_access": true,
                "endpoint_public_access": true,
                "public_access_cidrs": [
                  "0.0.0.0/0"
                ],
                "security_group_ids": [
                  "sg-00d75732eb28398cf"
                ],
                "subnet_ids": [
                  "subnet-0301a37ae3d1959ff",
                  "subnet-0973156399161f5fe",
                  "subnet-0b1420ad0ddef1341",
                  "subnet-0defc194675c6231e"
                ],
                "vpc_id": "vpc-08c426d3f3ca66444"
              }
            ]
          }
        }
      ]
    },
    {
      "mode": "data",
      "type": "aws_eks_cluster_auth",
      "name": "cluster",
      "provider": "provider.aws",
      "instances": [
        {
          "schema_version": 0,
          "attributes": {
            "id": "eks-terraform-jong",
            "name": "eks-terraform-jong",
            "token": "k8s-aws-v1.aHR0cHM6Ly9zdHMuYXAtbm9ydGhlYXN0LTIuYW1hem9uYXdzLmNvbS8_QWN0aW9uPUdldENhbGxlcklkZW50aXR5JlZlcnNpb249MjAxMS0wNi0xNSZYLUFtei1BbGdvcml0aG09QVdTNC1ITUFDLVNIQTI1NiZYLUFtei1DcmVkZW50aWFsPUFLSUFYVTJOT1JGVUxPTEpUS1RBJTJGMjAyMTA2MDQlMkZhcC1ub3J0aGVhc3QtMiUyRnN0cyUyRmF3czRfcmVxdWVzdCZYLUFtei1EYXRlPTIwMjEwNjA0VDAzMzc1NFomWC1BbXotRXhwaXJlcz0wJlgtQW16LVNpZ25lZEhlYWRlcnM9aG9zdCUzQngtazhzLWF3cy1pZCZYLUFtei1TaWduYXR1cmU9MzhhMjNjYzdlNGRlMzQ5ZDAwZWFiMjBiMDk2MDRhNGFmYzYzMDg3MjYxZjU0MGE2YzdjYjE3ZTBmYWUzOTQyNw"
          }
        }
      ]
    },
    {
      "module": "module.eks",
      "mode": "data",
      "type": "aws_iam_instance_profile",
      "name": "custom_worker_group_iam_instance_profile",
      "each": "list",
      "provider": "provider.aws",
      "instances": []
    },
    {
      "module": "module.eks",
      "mode": "data",
      "type": "aws_iam_instance_profile",
      "name": "custom_worker_group_launch_template_iam_instance_profile",
      "each": "list",
      "provider": "provider.aws",
      "instances": []
    },
    {
      "module": "module.eks",
      "mode": "data",
      "type": "aws_iam_policy_document",
      "name": "cluster_assume_role_policy",
      "provider": "provider.aws",
      "instances": [
        {
          "schema_version": 0,
          "attributes": {
            "id": "2764486067",
            "json": "{\n  \"Version\": \"2012-10-17\",\n  \"Statement\": [\n    {\n      \"Sid\": \"EKSClusterAssumeRole\",\n      \"Effect\": \"Allow\",\n      \"Action\": \"sts:AssumeRole\",\n      \"Principal\": {\n        \"Service\": \"eks.amazonaws.com\"\n      }\n    }\n  ]\n}",
            "override_json": null,
            "override_policy_documents": null,
            "policy_id": null,
            "source_json": null,
            "source_policy_documents": null,
            "statement": [
              {
                "actions": [
                  "sts:AssumeRole"
                ],
                "condition": [],
                "effect": "Allow",
                "not_actions": [],
                "not_principals": [],
                "not_resources": [],
                "principals": [
                  {
                    "identifiers": [
                      "eks.amazonaws.com"
                    ],
                    "type": "Service"
                  }
                ],
                "resources": [],
                "sid": "EKSClusterAssumeRole"
              }
            ],
            "version": "2012-10-17"
          }
        }
      ]
    },
    {
      "module": "module.eks",
      "mode": "data",
      "type": "aws_iam_policy_document",
      "name": "cluster_elb_sl_role_creation",
      "each": "list",
      "provider": "provider.aws",
      "instances": [
        {
          "index_key": 0,
          "schema_version": 0,
          "attributes": {
            "id": "3407219844",
            "json": "{\n  \"Version\": \"2012-10-17\",\n  \"Statement\": [\n    {\n      \"Sid\": \"\",\n      \"Effect\": \"Allow\",\n      \"Action\": [\n        \"ec2:DescribeInternetGateways\",\n        \"ec2:DescribeAccountAttributes\"\n      ],\n      \"Resource\": \"*\"\n    }\n  ]\n}",
            "override_json": null,
            "override_policy_documents": null,
            "policy_id": null,
            "source_json": null,
            "source_policy_documents": null,
            "statement": [
              {
                "actions": [
                  "ec2:DescribeAccountAttributes",
                  "ec2:DescribeInternetGateways"
                ],
                "condition": [],
                "effect": "Allow",
                "not_actions": [],
                "not_principals": [],
                "not_resources": [],
                "principals": [],
                "resources": [
                  "*"
                ],
                "sid": ""
              }
            ],
            "version": "2012-10-17"
          }
        }
      ]
    },
    {
      "module": "module.eks",
      "mode": "data",
      "type": "aws_iam_policy_document",
      "name": "workers_assume_role_policy",
      "provider": "provider.aws",
      "instances": [
        {
          "schema_version": 0,
          "attributes": {
            "id": "3778018924",
            "json": "{\n  \"Version\": \"2012-10-17\",\n  \"Statement\": [\n    {\n      \"Sid\": \"EKSWorkerAssumeRole\",\n      \"Effect\": \"Allow\",\n      \"Action\": \"sts:AssumeRole\",\n      \"Principal\": {\n        \"Service\": \"ec2.amazonaws.com\"\n      }\n    }\n  ]\n}",
            "override_json": null,
            "override_policy_documents": null,
            "policy_id": null,
            "source_json": null,
            "source_policy_documents": null,
            "statement": [
              {
                "actions": [
                  "sts:AssumeRole"
                ],
                "condition": [],
                "effect": "Allow",
                "not_actions": [],
                "not_principals": [],
                "not_resources": [],
                "principals": [
                  {
                    "identifiers": [
                      "ec2.amazonaws.com"
                    ],
                    "type": "Service"
                  }
                ],
                "resources": [],
                "sid": "EKSWorkerAssumeRole"
              }
            ],
            "version": "2012-10-17"
          }
        }
      ]
    },
    {
      "module": "module.eks",
      "mode": "data",
      "type": "aws_iam_role",
      "name": "custom_cluster_iam_role",
      "each": "list",
      "provider": "provider.aws",
      "instances": []
    },
    {
      "module": "module.eks",
      "mode": "data",
      "type": "aws_partition",
      "name": "current",
      "provider": "provider.aws",
      "instances": [
        {
          "schema_version": 0,
          "attributes": {
            "dns_suffix": "amazonaws.com",
            "id": "aws",
            "partition": "aws",
            "reverse_dns_prefix": "com.amazonaws"
          }
        }
      ]
    },
    {
      "module": "module.eks",
      "mode": "data",
      "type": "template_file",
      "name": "launch_template_userdata",
      "each": "list",
      "provider": "provider.template",
      "instances": []
    },
    {
      "module": "module.eks",
      "mode": "data",
      "type": "template_file",
      "name": "userdata",
      "each": "list",
      "provider": "provider.template",
      "instances": [
        {
          "index_key": 0,
          "schema_version": 0,
          "attributes": {
            "filename": null,
            "id": "7af0181663a9ef08e4e3474a9c0618de1c89a2e5120fcb4414b7b7953f4e97c4",
            "rendered": "#!/bin/bash -xe\n\n# Allow user supplied pre userdata code\n\n\n# Bootstrap and join the cluster\n/etc/eks/bootstrap.sh --b64-cluster-ca 'LS0tLS1CRUdJTiBDRVJUSUZJQ0FURS0tLS0tCk1JSUN5RENDQWJDZ0F3SUJBZ0lCQURBTkJna3Foa2lHOXcwQkFRc0ZBREFWTVJNd0VRWURWUVFERXdwcmRXSmwKY201bGRHVnpNQjRYRFRJeE1EWXdOREF6TXpNME1Gb1hEVE14TURZd01qQXpNek0wTUZvd0ZURVRNQkVHQTFVRQpBeE1LYTNWaVpYSnVaWFJsY3pDQ0FTSXdEUVlKS29aSWh2Y05BUUVCQlFBRGdnRVBBRENDQVFvQ2dnRUJBS0w5CmxzRkNNSEl0cW0xcFk1Sk0wQ0NHSksyRCtFczBISForMmJDWVpRbVJVSnU2ekhhRXR6QW9JRHBEMDNoeVExd1MKaS9MNkpEbFN6RzBVNzBBc09ma0k4RXp1UjhDakRYc2hMY3JPa2c1cmNZUXlyb3ZjZkk5c2NaRitGcG56MllRYwphQW1TZlY2bUcvdXZiZWI3d2NEUzFXWkxJdmljUlNwQ29NKzZWUHVXZXROZHJhS2tZcEpWdStXUGgwSlc1NlZHClRUWDBtR0pPYWhwMXFoazV2NkNnYTNSRkcwb3dhUFgweGR6T2lXZE1UYmxQL0gwdHZrbmtMUEZSeTZvMlNsWUEKd1MxeXBEZStMVE42S04yM3gzL01OMS95MTd2QVdIKzRMNWh5M3RkZVdsVUxEWEtWSSt4UDFKalZlNTJNL2x2TgpzRjFNNW9ZVE5yMjhzSHQ5NEhrQ0F3RUFBYU1qTUNFd0RnWURWUjBQQVFIL0JBUURBZ0trTUE4R0ExVWRFd0VCCi93UUZNQU1CQWY4d0RRWUpLb1pJaHZjTkFRRUxCUUFEZ2dFQkFGNlp6ZXYxc0F4WVRLeFJkUkQzSlc1WHNHNkcKRXgvSVlHSXdaN09tVjlhYlZXbzg3Z25tc2FZK0VSdS9DcGpMb212MkZ2YmlNRHg4c2lNUVRJV0cyb2l5d3h6cQpLMTVHWFQ0b2xyOFYzMnliU1hKVkhPdUQvQWNlb3ZOaVNFalkxMjU3N2xpdjZwUXRpNlkwalY1eGJlOWdGeTl4CmZOM0N5c3JjY2tmdmpPMWZFMTVJa1NFRjNnQWtwb01WWnY2U1h3L0xFY2pvNTVpdWpJMkVadmJ3Ukg5emhZUk4KTVdJN1VZNVpDdDFEQlVOQWdpeDk0dDQrWDRGLzVsZ0pvN3pqcUxzNDk0MmJ2RkVBaUpZREdkbERSUHRSRjdXawp4cjRwK2lUT2ZZR1pFN2s1ZVhOZURUN2pzbTI1L0VhWnVUTVpvU1FMdnhvNlBJT2xUSDd5THIzdFBKUT0KLS0tLS1FTkQgQ0VSVElGSUNBVEUtLS0tLQo=' --apiserver-endpoint 'https://4A8AF78CADC60F06FE4F5B6841BA0014.gr7.ap-northeast-2.eks.amazonaws.com'  --kubelet-extra-args \"\" 'eks-terraform-jong'\n\n# Allow user supplied userdata code\necho foo bar\n",
            "template": "#!/bin/bash -xe\n\n# Allow user supplied pre userdata code\n${pre_userdata}\n\n# Bootstrap and join the cluster\n/etc/eks/bootstrap.sh --b64-cluster-ca '${cluster_auth_base64}' --apiserver-endpoint '${endpoint}' ${bootstrap_extra_args} --kubelet-extra-args \"${kubelet_extra_args}\" '${cluster_name}'\n\n# Allow user supplied userdata code\n${additional_userdata}\n",
            "vars": {
              "additional_userdata": "echo foo bar",
              "bootstrap_extra_args": "",
              "cluster_auth_base64": "LS0tLS1CRUdJTiBDRVJUSUZJQ0FURS0tLS0tCk1JSUN5RENDQWJDZ0F3SUJBZ0lCQURBTkJna3Foa2lHOXcwQkFRc0ZBREFWTVJNd0VRWURWUVFERXdwcmRXSmwKY201bGRHVnpNQjRYRFRJeE1EWXdOREF6TXpNME1Gb1hEVE14TURZd01qQXpNek0wTUZvd0ZURVRNQkVHQTFVRQpBeE1LYTNWaVpYSnVaWFJsY3pDQ0FTSXdEUVlKS29aSWh2Y05BUUVCQlFBRGdnRVBBRENDQVFvQ2dnRUJBS0w5CmxzRkNNSEl0cW0xcFk1Sk0wQ0NHSksyRCtFczBISForMmJDWVpRbVJVSnU2ekhhRXR6QW9JRHBEMDNoeVExd1MKaS9MNkpEbFN6RzBVNzBBc09ma0k4RXp1UjhDakRYc2hMY3JPa2c1cmNZUXlyb3ZjZkk5c2NaRitGcG56MllRYwphQW1TZlY2bUcvdXZiZWI3d2NEUzFXWkxJdmljUlNwQ29NKzZWUHVXZXROZHJhS2tZcEpWdStXUGgwSlc1NlZHClRUWDBtR0pPYWhwMXFoazV2NkNnYTNSRkcwb3dhUFgweGR6T2lXZE1UYmxQL0gwdHZrbmtMUEZSeTZvMlNsWUEKd1MxeXBEZStMVE42S04yM3gzL01OMS95MTd2QVdIKzRMNWh5M3RkZVdsVUxEWEtWSSt4UDFKalZlNTJNL2x2TgpzRjFNNW9ZVE5yMjhzSHQ5NEhrQ0F3RUFBYU1qTUNFd0RnWURWUjBQQVFIL0JBUURBZ0trTUE4R0ExVWRFd0VCCi93UUZNQU1CQWY4d0RRWUpLb1pJaHZjTkFRRUxCUUFEZ2dFQkFGNlp6ZXYxc0F4WVRLeFJkUkQzSlc1WHNHNkcKRXgvSVlHSXdaN09tVjlhYlZXbzg3Z25tc2FZK0VSdS9DcGpMb212MkZ2YmlNRHg4c2lNUVRJV0cyb2l5d3h6cQpLMTVHWFQ0b2xyOFYzMnliU1hKVkhPdUQvQWNlb3ZOaVNFalkxMjU3N2xpdjZwUXRpNlkwalY1eGJlOWdGeTl4CmZOM0N5c3JjY2tmdmpPMWZFMTVJa1NFRjNnQWtwb01WWnY2U1h3L0xFY2pvNTVpdWpJMkVadmJ3Ukg5emhZUk4KTVdJN1VZNVpDdDFEQlVOQWdpeDk0dDQrWDRGLzVsZ0pvN3pqcUxzNDk0MmJ2RkVBaUpZREdkbERSUHRSRjdXawp4cjRwK2lUT2ZZR1pFN2s1ZVhOZURUN2pzbTI1L0VhWnVUTVpvU1FMdnhvNlBJT2xUSDd5THIzdFBKUT0KLS0tLS1FTkQgQ0VSVElGSUNBVEUtLS0tLQo=",
              "cluster_name": "eks-terraform-jong",
              "endpoint": "https://4A8AF78CADC60F06FE4F5B6841BA0014.gr7.ap-northeast-2.eks.amazonaws.com",
              "kubelet_extra_args": "",
              "platform": "linux",
              "pre_userdata": ""
            }
          }
        }
      ]
    },
    {
      "module": "module.eks",
      "mode": "managed",
      "type": "aws_autoscaling_group",
      "name": "workers",
      "each": "list",
      "provider": "provider.aws",
      "instances": [
        {
          "index_key": 0,
          "schema_version": 0,
          "attributes": {
            "arn": "arn:aws:autoscaling:ap-northeast-2:525759056232:autoScalingGroup:c61eb55d-cf23-4638-a0e2-bd1f59aae78b:autoScalingGroupName/eks-terraform-jong-worker-group-12021060403381693170000000e",
            "availability_zones": [
              "ap-northeast-2a",
              "ap-northeast-2c"
            ],
            "capacity_rebalance": false,
            "default_cooldown": 300,
            "desired_capacity": 1,
            "enabled_metrics": null,
            "force_delete": false,
            "force_delete_warm_pool": false,
            "health_check_grace_period": 300,
            "health_check_type": "EC2",
            "id": "eks-terraform-jong-worker-group-12021060403381693170000000e",
            "initial_lifecycle_hook": [],
            "instance_refresh": [],
            "launch_configuration": "eks-terraform-jong-worker-group-12021060403380077540000000d",
            "launch_template": [],
            "load_balancers": null,
            "max_instance_lifetime": 0,
            "max_size": 3,
            "metrics_granularity": "1Minute",
            "min_elb_capacity": null,
            "min_size": 1,
            "mixed_instances_policy": [],
            "name": "eks-terraform-jong-worker-group-12021060403381693170000000e",
            "name_prefix": "eks-terraform-jong-worker-group-1",
            "placement_group": "",
            "protect_from_scale_in": false,
            "service_linked_role_arn": "arn:aws:iam::525759056232:role/aws-service-role/autoscaling.amazonaws.com/AWSServiceRoleForAutoScaling",
            "suspended_processes": [
              "AZRebalance"
            ],
            "tag": [],
            "tags": [
              {
                "key": "Name",
                "propagate_at_launch": "true",
                "value": "eks-terraform-jong-worker-group-1-eks_asg"
              },
              {
                "key": "k8s.io/cluster/eks-terraform-jong",
                "propagate_at_launch": "true",
                "value": "owned"
              },
              {
                "key": "kubernetes.io/cluster/eks-terraform-jong",
                "propagate_at_launch": "true",
                "value": "owned"
              }
            ],
            "target_group_arns": null,
            "termination_policies": [],
            "timeouts": null,
            "vpc_zone_identifier": [
              "subnet-0301a37ae3d1959ff",
              "subnet-0973156399161f5fe",
              "subnet-0b1420ad0ddef1341",
              "subnet-0defc194675c6231e"
            ],
            "wait_for_capacity_timeout": "10m",
            "wait_for_elb_capacity": null,
            "warm_pool": []
          },
          "private": "eyJlMmJmYjczMC1lY2FhLTExZTYtOGY4OC0zNDM2M2JjN2M0YzAiOnsiZGVsZXRlIjo2MDAwMDAwMDAwMDB9fQ==",
          "dependencies": [
            "aws_security_group.bastion_sg",
            "aws_security_group.eks_test_sg_1",
            "aws_subnet.eks_pri_subnet",
            "aws_subnet.eks_pub_subnet",
            "aws_vpc.eks_test_vpc2",
            "module.eks.aws_cloudwatch_log_group.this",
            "module.eks.aws_eks_cluster.this",
            "module.eks.aws_iam_instance_profile.workers",
            "module.eks.aws_iam_role.cluster",
            "module.eks.aws_iam_role.workers",
            "module.eks.aws_iam_role_policy_attachment.cluster_AmazonEKSClusterPolicy",
            "module.eks.aws_iam_role_policy_attachment.cluster_AmazonEKSServicePolicy",
            "module.eks.aws_iam_role_policy_attachment.workers_AmazonEC2ContainerRegistryReadOnly",
            "module.eks.aws_iam_role_policy_attachment.workers_AmazonEKSWorkerNodePolicy",
            "module.eks.aws_iam_role_policy_attachment.workers_AmazonEKS_CNI_Policy",
            "module.eks.aws_iam_role_policy_attachment.workers_additional_policies",
            "module.eks.aws_launch_configuration.workers",
            "module.eks.aws_security_group.cluster",
            "module.eks.aws_security_group.workers",
            "module.eks.aws_security_group_rule.cluster_egress_internet",
            "module.eks.aws_security_group_rule.cluster_https_worker_ingress",
            "module.eks.aws_security_group_rule.cluster_primary_ingress_workers",
            "module.eks.aws_security_group_rule.workers_egress_internet",
            "module.eks.aws_security_group_rule.workers_ingress_cluster",
            "module.eks.aws_security_group_rule.workers_ingress_cluster_https",
            "module.eks.aws_security_group_rule.workers_ingress_cluster_kubelet",
            "module.eks.aws_security_group_rule.workers_ingress_cluster_primary",
            "module.eks.aws_security_group_rule.workers_ingress_self",
            "module.eks.random_pet.workers"
          ]
        }
      ]
    },
    {
      "module": "module.eks",
      "mode": "managed",
      "type": "aws_autoscaling_group",
      "name": "workers_launch_template",
      "each": "list",
      "provider": "provider.aws",
      "instances": []
    },
    {
      "module": "module.eks",
      "mode": "managed",
      "type": "aws_cloudwatch_log_group",
      "name": "this",
      "each": "list",
      "provider": "provider.aws",
      "instances": []
    },
    {
      "mode": "managed",
      "type": "aws_eip",
      "name": "nat_eip",
      "provider": "provider.aws",
      "instances": [
        {
          "schema_version": 0,
          "attributes": {
            "allocation_id": null,
            "associate_with_private_ip": null,
            "association_id": "",
            "carrier_ip": "",
            "customer_owned_ip": "",
            "customer_owned_ipv4_pool": "",
            "domain": "vpc",
            "id": "eipalloc-05569c57c0ed4355f",
            "instance": "",
            "network_border_group": "ap-northeast-2",
            "network_interface": "",
            "private_dns": null,
            "private_ip": "",
            "public_dns": "ec2-52-78-168-40.ap-northeast-2.compute.amazonaws.com",
            "public_ip": "52.78.168.40",
            "public_ipv4_pool": "amazon",
            "tags": {
              "Name": "eks_test_ngw_eip"
            },
            "timeouts": null,
            "vpc": true
          },
          "private": "eyJlMmJmYjczMC1lY2FhLTExZTYtOGY4OC0zNDM2M2JjN2M0YzAiOnsiZGVsZXRlIjoxODAwMDAwMDAwMDAsInJlYWQiOjkwMDAwMDAwMDAwMCwidXBkYXRlIjozMDAwMDAwMDAwMDB9fQ=="
        }
      ]
    },
    {
      "module": "module.eks",
      "mode": "managed",
      "type": "aws_eks_cluster",
      "name": "this",
      "each": "list",
      "provider": "provider.aws",
      "instances": [
        {
          "index_key": 0,
          "schema_version": 0,
          "attributes": {
            "arn": "arn:aws:eks:ap-northeast-2:525759056232:cluster/eks-terraform-jong",
            "certificate_authority": [
              {
                "data": "LS0tLS1CRUdJTiBDRVJUSUZJQ0FURS0tLS0tCk1JSUN5RENDQWJDZ0F3SUJBZ0lCQURBTkJna3Foa2lHOXcwQkFRc0ZBREFWTVJNd0VRWURWUVFERXdwcmRXSmwKY201bGRHVnpNQjRYRFRJeE1EWXdOREF6TXpNME1Gb1hEVE14TURZd01qQXpNek0wTUZvd0ZURVRNQkVHQTFVRQpBeE1LYTNWaVpYSnVaWFJsY3pDQ0FTSXdEUVlKS29aSWh2Y05BUUVCQlFBRGdnRVBBRENDQVFvQ2dnRUJBS0w5CmxzRkNNSEl0cW0xcFk1Sk0wQ0NHSksyRCtFczBISForMmJDWVpRbVJVSnU2ekhhRXR6QW9JRHBEMDNoeVExd1MKaS9MNkpEbFN6RzBVNzBBc09ma0k4RXp1UjhDakRYc2hMY3JPa2c1cmNZUXlyb3ZjZkk5c2NaRitGcG56MllRYwphQW1TZlY2bUcvdXZiZWI3d2NEUzFXWkxJdmljUlNwQ29NKzZWUHVXZXROZHJhS2tZcEpWdStXUGgwSlc1NlZHClRUWDBtR0pPYWhwMXFoazV2NkNnYTNSRkcwb3dhUFgweGR6T2lXZE1UYmxQL0gwdHZrbmtMUEZSeTZvMlNsWUEKd1MxeXBEZStMVE42S04yM3gzL01OMS95MTd2QVdIKzRMNWh5M3RkZVdsVUxEWEtWSSt4UDFKalZlNTJNL2x2TgpzRjFNNW9ZVE5yMjhzSHQ5NEhrQ0F3RUFBYU1qTUNFd0RnWURWUjBQQVFIL0JBUURBZ0trTUE4R0ExVWRFd0VCCi93UUZNQU1CQWY4d0RRWUpLb1pJaHZjTkFRRUxCUUFEZ2dFQkFGNlp6ZXYxc0F4WVRLeFJkUkQzSlc1WHNHNkcKRXgvSVlHSXdaN09tVjlhYlZXbzg3Z25tc2FZK0VSdS9DcGpMb212MkZ2YmlNRHg4c2lNUVRJV0cyb2l5d3h6cQpLMTVHWFQ0b2xyOFYzMnliU1hKVkhPdUQvQWNlb3ZOaVNFalkxMjU3N2xpdjZwUXRpNlkwalY1eGJlOWdGeTl4CmZOM0N5c3JjY2tmdmpPMWZFMTVJa1NFRjNnQWtwb01WWnY2U1h3L0xFY2pvNTVpdWpJMkVadmJ3Ukg5emhZUk4KTVdJN1VZNVpDdDFEQlVOQWdpeDk0dDQrWDRGLzVsZ0pvN3pqcUxzNDk0MmJ2RkVBaUpZREdkbERSUHRSRjdXawp4cjRwK2lUT2ZZR1pFN2s1ZVhOZURUN2pzbTI1L0VhWnVUTVpvU1FMdnhvNlBJT2xUSDd5THIzdFBKUT0KLS0tLS1FTkQgQ0VSVElGSUNBVEUtLS0tLQo="
              }
            ],
            "created_at": "2021-06-04 03:28:05.064 +0000 UTC",
            "enabled_cluster_log_types": null,
            "encryption_config": [],
            "endpoint": "https://4A8AF78CADC60F06FE4F5B6841BA0014.gr7.ap-northeast-2.eks.amazonaws.com",
            "id": "eks-terraform-jong",
            "identity": [
              {
                "oidc": [
                  {
                    "issuer": "https://oidc.eks.ap-northeast-2.amazonaws.com/id/4A8AF78CADC60F06FE4F5B6841BA0014"
                  }
                ]
              }
            ],
            "kubernetes_network_config": [
              {
                "service_ipv4_cidr": "10.100.0.0/16"
              }
            ],
            "name": "eks-terraform-jong",
            "platform_version": "eks.8",
            "role_arn": "arn:aws:iam::525759056232:role/eks-terraform-jong20210604032750471600000001",
            "status": "ACTIVE",
            "tags": null,
            "timeouts": {
              "create": "1h",
              "delete": "15m",
              "update": null
            },
            "version": "1.17",
            "vpc_config": [
              {
                "cluster_security_group_id": "sg-0b8eb6127fb1c88c5",
                "endpoint_private_access": true,
                "endpoint_public_access": true,
                "public_access_cidrs": [
                  "0.0.0.0/0"
                ],
                "security_group_ids": [
                  "sg-00d75732eb28398cf"
                ],
                "subnet_ids": [
                  "subnet-0301a37ae3d1959ff",
                  "subnet-0973156399161f5fe",
                  "subnet-0b1420ad0ddef1341",
                  "subnet-0defc194675c6231e"
                ],
                "vpc_id": "vpc-08c426d3f3ca66444"
              }
            ]
          },
          "private": "eyJlMmJmYjczMC1lY2FhLTExZTYtOGY4OC0zNDM2M2JjN2M0YzAiOnsiY3JlYXRlIjozNjAwMDAwMDAwMDAwLCJkZWxldGUiOjkwMDAwMDAwMDAwMCwidXBkYXRlIjozNjAwMDAwMDAwMDAwfX0=",
          "dependencies": [
            "aws_subnet.eks_pri_subnet",
            "aws_subnet.eks_pub_subnet",
            "aws_vpc.eks_test_vpc2",
            "module.eks.aws_cloudwatch_log_group.this",
            "module.eks.aws_iam_role.cluster",
            "module.eks.aws_iam_role_policy_attachment.cluster_AmazonEKSClusterPolicy",
            "module.eks.aws_iam_role_policy_attachment.cluster_AmazonEKSServicePolicy",
            "module.eks.aws_security_group.cluster",
            "module.eks.aws_security_group.workers",
            "module.eks.aws_security_group_rule.cluster_egress_internet",
            "module.eks.aws_security_group_rule.cluster_https_worker_ingress"
          ]
        }
      ]
    },
    {
      "module": "module.eks.module.node_groups",
      "mode": "managed",
      "type": "aws_eks_node_group",
      "name": "workers",
      "each": "map",
      "provider": "provider.aws",
      "instances": []
    },
    {
      "mode": "managed",
      "type": "aws_iam_instance_profile",
      "name": "hello",
      "provider": "provider.aws",
      "instances": [
        {
          "schema_version": 0,
          "attributes": {
            "arn": "arn:aws:iam::525759056232:instance-profile/instance_4_control_profile",
            "create_date": "2021-06-04T03:27:54Z",
            "id": "instance_4_control_profile",
            "name": "instance_4_control_profile",
            "name_prefix": null,
            "path": "/",
            "role": "role_4_control_instance",
            "tags": null,
            "unique_id": "AIPAXU2NORFUCLXCLQCL6"
          },
          "private": "bnVsbA==",
          "dependencies": [
            "aws_iam_role.iam_role"
          ]
        }
      ]
    },
    {
      "mode": "managed",
      "type": "aws_iam_instance_profile",
      "name": "jenkins_server_profile",
      "provider": "provider.aws",
      "instances": [
        {
          "schema_version": 0,
          "attributes": {
            "arn": "arn:aws:iam::525759056232:instance-profile/jenkins_server_4_control_profile",
            "create_date": "2021-06-04T03:27:54Z",
            "id": "jenkins_server_4_control_profile",
            "name": "jenkins_server_4_control_profile",
            "name_prefix": null,
            "path": "/",
            "role": "role_4_control_instance",
            "tags": null,
            "unique_id": "AIPAXU2NORFUAB22OJ3HH"
          },
          "private": "bnVsbA==",
          "dependencies": [
            "aws_iam_role.iam_role"
          ]
        }
      ]
    },
    {
      "module": "module.eks",
      "mode": "managed",
      "type": "aws_iam_instance_profile",
      "name": "workers",
      "each": "list",
      "provider": "provider.aws",
      "instances": [
        {
          "index_key": 0,
          "schema_version": 0,
          "attributes": {
            "arn": "arn:aws:iam::525759056232:instance-profile/eks-terraform-jong20210604033758158500000009",
            "create_date": "2021-06-04T03:37:58Z",
            "id": "eks-terraform-jong20210604033758158500000009",
            "name": "eks-terraform-jong20210604033758158500000009",
            "name_prefix": "eks-terraform-jong",
            "path": "/",
            "role": "eks-terraform-jong20210604033754867800000008",
            "tags": null,
            "unique_id": "AIPAXU2NORFUAEZKKCSH3"
          },
          "private": "bnVsbA==",
          "dependencies": [
            "aws_security_group.bastion_sg",
            "aws_security_group.eks_test_sg_1",
            "aws_subnet.eks_pri_subnet",
            "aws_subnet.eks_pub_subnet",
            "aws_vpc.eks_test_vpc2",
            "module.eks.aws_cloudwatch_log_group.this",
            "module.eks.aws_eks_cluster.this",
            "module.eks.aws_iam_role.cluster",
            "module.eks.aws_iam_role.workers",
            "module.eks.aws_iam_role_policy_attachment.cluster_AmazonEKSClusterPolicy",
            "module.eks.aws_iam_role_policy_attachment.cluster_AmazonEKSServicePolicy",
            "module.eks.aws_security_group.cluster",
            "module.eks.aws_security_group.workers",
            "module.eks.aws_security_group_rule.cluster_egress_internet",
            "module.eks.aws_security_group_rule.cluster_https_worker_ingress"
          ]
        }
      ]
    },
    {
      "module": "module.eks",
      "mode": "managed",
      "type": "aws_iam_instance_profile",
      "name": "workers_launch_template",
      "each": "list",
      "provider": "provider.aws",
      "instances": []
    },
    {
      "module": "module.eks",
      "mode": "managed",
      "type": "aws_iam_openid_connect_provider",
      "name": "oidc_provider",
      "each": "list",
      "provider": "provider.aws",
      "instances": []
    },
    {
      "module": "module.eks",
      "mode": "managed",
      "type": "aws_iam_role",
      "name": "cluster",
      "each": "list",
      "provider": "provider.aws",
      "instances": [
        {
          "index_key": 0,
          "schema_version": 0,
          "attributes": {
            "arn": "arn:aws:iam::525759056232:role/eks-terraform-jong20210604032750471600000001",
            "assume_role_policy": "{\"Version\":\"2012-10-17\",\"Statement\":[{\"Sid\":\"EKSClusterAssumeRole\",\"Effect\":\"Allow\",\"Principal\":{\"Service\":\"eks.amazonaws.com\"},\"Action\":\"sts:AssumeRole\"}]}",
            "create_date": "2021-06-04T03:27:51Z",
            "description": "",
            "force_detach_policies": true,
            "id": "eks-terraform-jong20210604032750471600000001",
            "inline_policy": [
              {
                "name": "",
                "policy": ""
              }
            ],
            "managed_policy_arns": [],
            "max_session_duration": 3600,
            "name": "eks-terraform-jong20210604032750471600000001",
            "name_prefix": "eks-terraform-jong",
            "path": "/",
            "permissions_boundary": null,
            "tags": null,
            "unique_id": "AROAXU2NORFULHXK2IMTO"
          },
          "private": "bnVsbA=="
        }
      ]
    },
    {
      "mode": "managed",
      "type": "aws_iam_role",
      "name": "iam_role",
      "provider": "provider.aws",
      "instances": [
        {
          "schema_version": 0,
          "attributes": {
            "arn": "arn:aws:iam::525759056232:role/role_4_control_instance",
            "assume_role_policy": "{\"Version\":\"2012-10-17\",\"Statement\":[{\"Effect\":\"Allow\",\"Principal\":{\"Service\":\"ec2.amazonaws.com\",\"AWS\":\"arn:aws:iam::525759056232:user/terraform-jong\"},\"Action\":\"sts:AssumeRole\"}]}",
            "create_date": "2021-06-04T03:27:51Z",
            "description": "",
            "force_detach_policies": false,
            "id": "role_4_control_instance",
            "inline_policy": [
              {
                "name": "",
                "policy": ""
              }
            ],
            "managed_policy_arns": [],
            "max_session_duration": 3600,
            "name": "role_4_control_instance",
            "name_prefix": null,
            "path": "/",
            "permissions_boundary": null,
            "tags": {
              "Name": "role_4_control_instance"
            },
            "unique_id": "AROAXU2NORFUDMB6VP6B6"
          },
          "private": "bnVsbA=="
        }
      ]
    },
    {
      "module": "module.eks",
      "mode": "managed",
      "type": "aws_iam_role",
      "name": "workers",
      "each": "list",
      "provider": "provider.aws",
      "instances": [
        {
          "index_key": 0,
          "schema_version": 0,
          "attributes": {
            "arn": "arn:aws:iam::525759056232:role/eks-terraform-jong20210604033754867800000008",
            "assume_role_policy": "{\"Version\":\"2012-10-17\",\"Statement\":[{\"Sid\":\"EKSWorkerAssumeRole\",\"Effect\":\"Allow\",\"Principal\":{\"Service\":\"ec2.amazonaws.com\"},\"Action\":\"sts:AssumeRole\"}]}",
            "create_date": "2021-06-04T03:37:55Z",
            "description": "",
            "force_detach_policies": true,
            "id": "eks-terraform-jong20210604033754867800000008",
            "inline_policy": [
              {
                "name": "",
                "policy": ""
              }
            ],
            "managed_policy_arns": [],
            "max_session_duration": 3600,
            "name": "eks-terraform-jong20210604033754867800000008",
            "name_prefix": "eks-terraform-jong",
            "path": "/",
            "permissions_boundary": null,
            "tags": null,
            "unique_id": "AROAXU2NORFUCFLNLP2XO"
          },
          "private": "bnVsbA==",
          "dependencies": [
            "aws_subnet.eks_pri_subnet",
            "aws_subnet.eks_pub_subnet",
            "aws_vpc.eks_test_vpc2",
            "module.eks.aws_cloudwatch_log_group.this",
            "module.eks.aws_eks_cluster.this",
            "module.eks.aws_iam_role.cluster",
            "module.eks.aws_iam_role_policy_attachment.cluster_AmazonEKSClusterPolicy",
            "module.eks.aws_iam_role_policy_attachment.cluster_AmazonEKSServicePolicy",
            "module.eks.aws_security_group.cluster",
            "module.eks.aws_security_group.workers",
            "module.eks.aws_security_group_rule.cluster_egress_internet",
            "module.eks.aws_security_group_rule.cluster_https_worker_ingress"
          ]
        }
      ]
    },
    {
      "mode": "managed",
      "type": "aws_iam_role_policy",
      "name": "bastion_iam_role_policy",
      "provider": "provider.aws",
      "instances": [
        {
          "schema_version": 0,
          "attributes": {
            "id": "role_4_control_instance:iam_role_policy_4_bastion",
            "name": "iam_role_policy_4_bastion",
            "name_prefix": null,
            "policy": "{ \n  \"Version\": \"2012-10-17\",   \n  \"Statement\" : [\n    {\n      \"Action\" : [\n        \"*\"\n      ],\n      \"Resource\" : [\n        \"*\"\n      ],\n      \"Effect\" : \"Allow\"\n    } \n  ]\n} \n",
            "role": "role_4_control_instance"
          },
          "private": "bnVsbA==",
          "dependencies": [
            "aws_iam_role.iam_role"
          ]
        }
      ]
    },
    {
      "module": "module.eks",
      "mode": "managed",
      "type": "aws_iam_role_policy",
      "name": "cluster_elb_sl_role_creation",
      "each": "list",
      "provider": "provider.aws",
      "instances": [
        {
          "index_key": 0,
          "schema_version": 0,
          "attributes": {
            "id": "eks-terraform-jong20210604032750471600000001:eks-terraform-jong-elb-sl-role-creation20210604032753771300000002",
            "name": "eks-terraform-jong-elb-sl-role-creation20210604032753771300000002",
            "name_prefix": "eks-terraform-jong-elb-sl-role-creation",
            "policy": "{\n  \"Version\": \"2012-10-17\",\n  \"Statement\": [\n    {\n      \"Sid\": \"\",\n      \"Effect\": \"Allow\",\n      \"Action\": [\n        \"ec2:DescribeInternetGateways\",\n        \"ec2:DescribeAccountAttributes\"\n      ],\n      \"Resource\": \"*\"\n    }\n  ]\n}",
            "role": "eks-terraform-jong20210604032750471600000001"
          },
          "private": "bnVsbA==",
          "dependencies": [
            "module.eks.aws_iam_role.cluster"
          ]
        }
      ]
    },
    {
      "module": "module.eks",
      "mode": "managed",
      "type": "aws_iam_role_policy_attachment",
      "name": "cluster_AmazonEKSClusterPolicy",
      "each": "list",
      "provider": "provider.aws",
      "instances": [
        {
          "index_key": 0,
          "schema_version": 0,
          "attributes": {
            "id": "eks-terraform-jong20210604032750471600000001-20210604032754591600000003",
            "policy_arn": "arn:aws:iam::aws:policy/AmazonEKSClusterPolicy",
            "role": "eks-terraform-jong20210604032750471600000001"
          },
          "private": "bnVsbA==",
          "dependencies": [
            "module.eks.aws_iam_role.cluster"
          ]
        }
      ]
    },
    {
      "module": "module.eks",
      "mode": "managed",
      "type": "aws_iam_role_policy_attachment",
      "name": "cluster_AmazonEKSServicePolicy",
      "each": "list",
      "provider": "provider.aws",
      "instances": [
        {
          "index_key": 0,
          "schema_version": 0,
          "attributes": {
            "id": "eks-terraform-jong20210604032750471600000001-20210604032754596500000004",
            "policy_arn": "arn:aws:iam::aws:policy/AmazonEKSServicePolicy",
            "role": "eks-terraform-jong20210604032750471600000001"
          },
          "private": "bnVsbA==",
          "dependencies": [
            "module.eks.aws_iam_role.cluster"
          ]
        }
      ]
    },
    {
      "module": "module.eks",
      "mode": "managed",
      "type": "aws_iam_role_policy_attachment",
      "name": "workers_AmazonEC2ContainerRegistryReadOnly",
      "each": "list",
      "provider": "provider.aws",
      "instances": [
        {
          "index_key": 0,
          "schema_version": 0,
          "attributes": {
            "id": "eks-terraform-jong20210604033754867800000008-2021060403375897760000000c",
            "policy_arn": "arn:aws:iam::aws:policy/AmazonEC2ContainerRegistryReadOnly",
            "role": "eks-terraform-jong20210604033754867800000008"
          },
          "private": "bnVsbA==",
          "dependencies": [
            "aws_subnet.eks_pri_subnet",
            "aws_subnet.eks_pub_subnet",
            "aws_vpc.eks_test_vpc2",
            "module.eks.aws_cloudwatch_log_group.this",
            "module.eks.aws_eks_cluster.this",
            "module.eks.aws_iam_role.cluster",
            "module.eks.aws_iam_role.workers",
            "module.eks.aws_iam_role_policy_attachment.cluster_AmazonEKSClusterPolicy",
            "module.eks.aws_iam_role_policy_attachment.cluster_AmazonEKSServicePolicy",
            "module.eks.aws_security_group.cluster",
            "module.eks.aws_security_group.workers",
            "module.eks.aws_security_group_rule.cluster_egress_internet",
            "module.eks.aws_security_group_rule.cluster_https_worker_ingress"
          ]
        }
      ]
    },
    {
      "module": "module.eks",
      "mode": "managed",
      "type": "aws_iam_role_policy_attachment",
      "name": "workers_AmazonEKSWorkerNodePolicy",
      "each": "list",
      "provider": "provider.aws",
      "instances": [
        {
          "index_key": 0,
          "schema_version": 0,
          "attributes": {
            "id": "eks-terraform-jong20210604033754867800000008-2021060403375897490000000a",
            "policy_arn": "arn:aws:iam::aws:policy/AmazonEKSWorkerNodePolicy",
            "role": "eks-terraform-jong20210604033754867800000008"
          },
          "private": "bnVsbA==",
          "dependencies": [
            "aws_subnet.eks_pri_subnet",
            "aws_subnet.eks_pub_subnet",
            "aws_vpc.eks_test_vpc2",
            "module.eks.aws_cloudwatch_log_group.this",
            "module.eks.aws_eks_cluster.this",
            "module.eks.aws_iam_role.cluster",
            "module.eks.aws_iam_role.workers",
            "module.eks.aws_iam_role_policy_attachment.cluster_AmazonEKSClusterPolicy",
            "module.eks.aws_iam_role_policy_attachment.cluster_AmazonEKSServicePolicy",
            "module.eks.aws_security_group.cluster",
            "module.eks.aws_security_group.workers",
            "module.eks.aws_security_group_rule.cluster_egress_internet",
            "module.eks.aws_security_group_rule.cluster_https_worker_ingress"
          ]
        }
      ]
    },
    {
      "module": "module.eks",
      "mode": "managed",
      "type": "aws_iam_role_policy_attachment",
      "name": "workers_AmazonEKS_CNI_Policy",
      "each": "list",
      "provider": "provider.aws",
      "instances": [
        {
          "index_key": 0,
          "schema_version": 0,
          "attributes": {
            "id": "eks-terraform-jong20210604033754867800000008-2021060403375897640000000b",
            "policy_arn": "arn:aws:iam::aws:policy/AmazonEKS_CNI_Policy",
            "role": "eks-terraform-jong20210604033754867800000008"
          },
          "private": "bnVsbA==",
          "dependencies": [
            "aws_subnet.eks_pri_subnet",
            "aws_subnet.eks_pub_subnet",
            "aws_vpc.eks_test_vpc2",
            "module.eks.aws_cloudwatch_log_group.this",
            "module.eks.aws_eks_cluster.this",
            "module.eks.aws_iam_role.cluster",
            "module.eks.aws_iam_role.workers",
            "module.eks.aws_iam_role_policy_attachment.cluster_AmazonEKSClusterPolicy",
            "module.eks.aws_iam_role_policy_attachment.cluster_AmazonEKSServicePolicy",
            "module.eks.aws_security_group.cluster",
            "module.eks.aws_security_group.workers",
            "module.eks.aws_security_group_rule.cluster_egress_internet",
            "module.eks.aws_security_group_rule.cluster_https_worker_ingress"
          ]
        }
      ]
    },
    {
      "module": "module.eks",
      "mode": "managed",
      "type": "aws_iam_role_policy_attachment",
      "name": "workers_additional_policies",
      "each": "list",
      "provider": "provider.aws",
      "instances": []
    },
    {
      "mode": "managed",
      "type": "aws_instance",
      "name": "bastion_host",
      "provider": "provider.aws",
      "instances": [
        {
          "schema_version": 1,
          "attributes": {
            "ami": "ami-0ba348d1c903e5d48",
            "arn": "arn:aws:ec2:ap-northeast-2:525759056232:instance/i-01b84b1dd61be14af",
            "associate_public_ip_address": true,
            "availability_zone": "ap-northeast-2a",
            "cpu_core_count": 1,
            "cpu_threads_per_core": 1,
            "credit_specification": [
              {
                "cpu_credits": "standard"
              }
            ],
            "disable_api_termination": false,
            "ebs_block_device": [
              {
                "delete_on_termination": true,
                "device_name": "/dev/sdb",
                "encrypted": false,
                "iops": 100,
                "kms_key_id": "",
                "snapshot_id": "snap-0ba515decf1781f5b",
                "tags": {},
                "throughput": 0,
                "volume_id": "vol-05e673c16110dc2b4",
                "volume_size": 8,
                "volume_type": "gp2"
              }
            ],
            "ebs_optimized": false,
            "enclave_options": [
              {
                "enabled": false
              }
            ],
            "ephemeral_block_device": [],
            "get_password_data": false,
            "hibernation": false,
            "host_id": null,
            "iam_instance_profile": "instance_4_control_profile",
            "id": "i-01b84b1dd61be14af",
            "instance_initiated_shutdown_behavior": null,
            "instance_state": "running",
            "instance_type": "t2.micro",
            "ipv6_address_count": 0,
            "ipv6_addresses": [],
            "key_name": "ec2-terraform-test",
            "metadata_options": [
              {
                "http_endpoint": "enabled",
                "http_put_response_hop_limit": 1,
                "http_tokens": "optional"
              }
            ],
            "monitoring": false,
            "network_interface": [],
            "outpost_arn": "",
            "password_data": "",
            "placement_group": "",
            "primary_network_interface_id": "eni-0736cb3a602d2f305",
            "private_dns": "ip-192-168-1-209.ap-northeast-2.compute.internal",
            "private_ip": "192.168.1.209",
            "public_dns": "ec2-3-34-96-58.ap-northeast-2.compute.amazonaws.com",
            "public_ip": "3.34.96.58",
            "root_block_device": [
              {
                "delete_on_termination": true,
                "device_name": "/dev/sda1",
                "encrypted": false,
                "iops": 100,
                "kms_key_id": "",
                "tags": {},
                "throughput": 0,
                "volume_id": "vol-0a856ba5ffe86e5a6",
                "volume_size": 8,
                "volume_type": "gp2"
              }
            ],
            "secondary_private_ips": [],
            "security_groups": [],
            "source_dest_check": true,
            "subnet_id": "subnet-0b1420ad0ddef1341",
            "tags": {
              "Name": "bastion_host_4_eks"
            },
            "tenancy": "default",
            "timeouts": null,
            "user_data": null,
            "user_data_base64": null,
            "volume_tags": null,
            "vpc_security_group_ids": [
              "sg-0a156d8beaf2e4823"
            ]
          },
          "private": "eyJlMmJmYjczMC1lY2FhLTExZTYtOGY4OC0zNDM2M2JjN2M0YzAiOnsiY3JlYXRlIjo2MDAwMDAwMDAwMDAsImRlbGV0ZSI6MTIwMDAwMDAwMDAwMCwidXBkYXRlIjo2MDAwMDAwMDAwMDB9LCJzY2hlbWFfdmVyc2lvbiI6IjEifQ==",
          "dependencies": [
            "aws_iam_instance_profile.hello",
            "aws_iam_role.iam_role",
            "aws_security_group.bastion_sg",
            "aws_subnet.eks_pub_subnet",
            "aws_vpc.eks_test_vpc2"
          ]
        }
      ]
    },
    {
      "mode": "managed",
      "type": "aws_instance",
      "name": "jenkins_server",
      "provider": "provider.aws",
      "instances": [
        {
          "schema_version": 1,
          "attributes": {
            "ami": "ami-0ba348d1c903e5d48",
            "arn": "arn:aws:ec2:ap-northeast-2:525759056232:instance/i-0c06285f1dc37fcd2",
            "associate_public_ip_address": false,
            "availability_zone": "ap-northeast-2a",
            "cpu_core_count": 1,
            "cpu_threads_per_core": 1,
            "credit_specification": [
              {
                "cpu_credits": "standard"
              }
            ],
            "disable_api_termination": false,
            "ebs_block_device": [
              {
                "delete_on_termination": true,
                "device_name": "/dev/sdb",
                "encrypted": false,
                "iops": 100,
                "kms_key_id": "",
                "snapshot_id": "snap-0ba515decf1781f5b",
                "tags": {},
                "throughput": 0,
                "volume_id": "vol-0164bf71456009bf3",
                "volume_size": 8,
                "volume_type": "gp2"
              }
            ],
            "ebs_optimized": false,
            "enclave_options": [
              {
                "enabled": false
              }
            ],
            "ephemeral_block_device": [],
            "get_password_data": false,
            "hibernation": false,
            "host_id": null,
            "iam_instance_profile": "jenkins_server_4_control_profile",
            "id": "i-0c06285f1dc37fcd2",
            "instance_initiated_shutdown_behavior": null,
            "instance_state": "running",
            "instance_type": "t2.small",
            "ipv6_address_count": 0,
            "ipv6_addresses": [],
            "key_name": "ec2-terraform-test",
            "metadata_options": [
              {
                "http_endpoint": "enabled",
                "http_put_response_hop_limit": 1,
                "http_tokens": "optional"
              }
            ],
            "monitoring": false,
            "network_interface": [],
            "outpost_arn": "",
            "password_data": "",
            "placement_group": "",
            "primary_network_interface_id": "eni-03f468168b7fcbf4c",
            "private_dns": "ip-192-168-10-234.ap-northeast-2.compute.internal",
            "private_ip": "192.168.10.234",
            "public_dns": "",
            "public_ip": "",
            "root_block_device": [
              {
                "delete_on_termination": true,
                "device_name": "/dev/sda1",
                "encrypted": false,
                "iops": 100,
                "kms_key_id": "",
                "tags": {},
                "throughput": 0,
                "volume_id": "vol-048486e6f6329f3bb",
                "volume_size": 8,
                "volume_type": "gp2"
              }
            ],
            "secondary_private_ips": [],
            "security_groups": [],
            "source_dest_check": true,
            "subnet_id": "subnet-0defc194675c6231e",
            "tags": {
              "Name": "Jenkins server in private subnet"
            },
            "tenancy": "default",
            "timeouts": null,
            "user_data": null,
            "user_data_base64": null,
            "volume_tags": null,
            "vpc_security_group_ids": [
              "sg-0ef5df1a5935b164b"
            ]
          },
          "private": "eyJlMmJmYjczMC1lY2FhLTExZTYtOGY4OC0zNDM2M2JjN2M0YzAiOnsiY3JlYXRlIjo2MDAwMDAwMDAwMDAsImRlbGV0ZSI6MTIwMDAwMDAwMDAwMCwidXBkYXRlIjo2MDAwMDAwMDAwMDB9LCJzY2hlbWFfdmVyc2lvbiI6IjEifQ==",
          "dependencies": [
            "aws_iam_instance_profile.jenkins_server_profile",
            "aws_iam_role.iam_role",
            "aws_security_group.jenkins_server_sg",
            "aws_subnet.eks_pri_subnet",
            "aws_vpc.eks_test_vpc2"
          ]
        }
      ]
    },
    {
      "mode": "managed",
      "type": "aws_internet_gateway",
      "name": "eks_test_igw2",
      "provider": "provider.aws",
      "instances": [
        {
          "schema_version": 0,
          "attributes": {
            "arn": "arn:aws:ec2:ap-northeast-2:525759056232:internet-gateway/igw-01c839ee501d0fdb7",
            "id": "igw-01c839ee501d0fdb7",
            "owner_id": "525759056232",
            "tags": {
              "Name": "eks_test_igw2"
            },
            "vpc_id": "vpc-08c426d3f3ca66444"
          },
          "private": "bnVsbA==",
          "dependencies": [
            "aws_vpc.eks_test_vpc2"
          ]
        }
      ]
    },
    {
      "module": "module.eks",
      "mode": "managed",
      "type": "aws_launch_configuration",
      "name": "workers",
      "each": "list",
      "provider": "provider.aws",
      "instances": [
        {
          "index_key": 0,
          "schema_version": 0,
          "attributes": {
            "arn": "arn:aws:autoscaling:ap-northeast-2:525759056232:launchConfiguration:d7b210aa-14f1-49f3-a2a3-434b30b541dc:launchConfigurationName/eks-terraform-jong-worker-group-12021060403380077540000000d",
            "associate_public_ip_address": false,
            "ebs_block_device": [],
            "ebs_optimized": false,
            "enable_monitoring": true,
            "ephemeral_block_device": [],
            "iam_instance_profile": "eks-terraform-jong20210604033758158500000009",
            "id": "eks-terraform-jong-worker-group-12021060403380077540000000d",
            "image_id": "ami-0fe33b69c98a70bc4",
            "instance_type": "t2.small",
            "key_name": "",
            "metadata_options": [],
            "name": "eks-terraform-jong-worker-group-12021060403380077540000000d",
            "name_prefix": "eks-terraform-jong-worker-group-1",
            "placement_tenancy": "",
            "root_block_device": [
              {
                "delete_on_termination": true,
                "encrypted": false,
                "iops": 0,
                "volume_size": 20,
                "volume_type": "gp2"
              }
            ],
            "security_groups": [
              "sg-0a156d8beaf2e4823",
              "sg-0a7f8fae00028de6f",
              "sg-0e7863c434e4ed766"
            ],
            "spot_price": "",
            "user_data": null,
            "user_data_base64": "IyEvYmluL2Jhc2ggLXhlCgojIEFsbG93IHVzZXIgc3VwcGxpZWQgcHJlIHVzZXJkYXRhIGNvZGUKCgojIEJvb3RzdHJhcCBhbmQgam9pbiB0aGUgY2x1c3RlcgovZXRjL2Vrcy9ib290c3RyYXAuc2ggLS1iNjQtY2x1c3Rlci1jYSAnTFMwdExTMUNSVWRKVGlCRFJWSlVTVVpKUTBGVVJTMHRMUzB0Q2sxSlNVTjVSRU5EUVdKRFowRjNTVUpCWjBsQ1FVUkJUa0puYTNGb2EybEhPWGN3UWtGUmMwWkJSRUZXVFZKTmQwVlJXVVJXVVZGRVJYZHdjbVJYU213S1kyMDFiR1JIVm5wTlFqUllSRlJKZUUxRVdYZE9SRUY2VFhwTk1FMUdiMWhFVkUxNFRVUlpkMDFxUVhwTmVrMHdUVVp2ZDBaVVJWUk5Ra1ZIUVRGVlJRcEJlRTFMWVROV2FWcFlTblZhV0ZKc1kzcERRMEZUU1hkRVVWbEtTMjlhU1doMlkwNUJVVVZDUWxGQlJHZG5SVkJCUkVORFFWRnZRMmRuUlVKQlMwdzVDbXh6UmtOTlNFbDBjVzB4Y0ZrMVNrMHdRME5IU2tzeVJDdEZjekJJU0Zvck1tSkRXVnBSYlZKVlNuVTJla2hoUlhSNlFXOUpSSEJFTUROb2VWRXhkMU1LYVM5TU5rcEViRk42UnpCVk56QkJjMDltYTBrNFJYcDFVamhEYWtSWWMyaE1ZM0pQYTJjMWNtTlpVWGx5YjNaalprazVjMk5hUml0R2NHNTZNbGxSWXdwaFFXMVRabFkyYlVjdmRYWmlaV0kzZDJORVV6RlhXa3hKZG1salVsTndRMjlOS3paV1VIVlhaWFJPWkhKaFMydFpjRXBXZFN0WFVHZ3dTbGMxTmxaSENsUlVXREJ0UjBwUFlXaHdNWEZvYXpWMk5rTm5ZVE5TUmtjd2IzZGhVRmd3ZUdSNlQybFhaRTFVWW14UUwwZ3dkSFpyYm10TVVFWlNlVFp2TWxOc1dVRUtkMU14ZVhCRVpTdE1WRTQyUzA0eU0zZ3pMMDFPTVM5NU1UZDJRVmRJS3pSTU5XaDVNM1JrWlZkc1ZVeEVXRXRXU1N0NFVERkthbFpsTlRKTkwyeDJUZ3B6UmpGTk5XOVpWRTV5TWpoelNIUTVORWhyUTBGM1JVRkJZVTFxVFVORmQwUm5XVVJXVWpCUVFWRklMMEpCVVVSQlowdHJUVUU0UjBFeFZXUkZkMFZDQ2k5M1VVWk5RVTFDUVdZNGQwUlJXVXBMYjFwSmFIWmpUa0ZSUlV4Q1VVRkVaMmRGUWtGR05scDZaWFl4YzBGNFdWUkxlRkprVWtRelNsYzFXSE5ITmtjS1JYZ3ZTVmxIU1hkYU4wOXRWamxoWWxaWGJ6ZzNaMjV0YzJGWkswVlNkUzlEY0dwTWIyMTJNa1oyWW1sTlJIZzRjMmxOVVZSSlYwY3liMmw1ZDNoNmNRcExNVFZIV0ZRMGIyeHlPRll6TW5saVUxaEtWa2hQZFVRdlFXTmxiM1pPYVZORmFsa3hNalUzTjJ4cGRqWndVWFJwTmxrd2FsWTFlR0psT1dkR2VUbDRDbVpPTTBONWMzSmpZMnRtZG1wUE1XWkZNVFZKYTFORlJqTm5RV3R3YjAxV1duWTJVMWgzTDB4RlkycHZOVFZwZFdwSk1rVmFkbUozVWtnNWVtaFpVazRLVFZkSk4xVlpOVnBEZERGRVFsVk9RV2RwZURrMGREUXJXRFJHTHpWc1owcHZOM3BxY1V4ek5EazBNbUoyUmtWQmFVcFpSRWRrYkVSU1VIUlNSamRYYXdwNGNqUndLMmxVVDJaWlIxcEZOMnMxWlZoT1pVUlVOMnB6YlRJMUwwVmhXblZVVFZwdlUxRk1kbmh2TmxCSlQyeFVTRGQ1VEhJemRGQktVVDBLTFMwdExTMUZUa1FnUTBWU1ZFbEdTVU5CVkVVdExTMHRMUW89JyAtLWFwaXNlcnZlci1lbmRwb2ludCAnaHR0cHM6Ly80QThBRjc4Q0FEQzYwRjA2RkU0RjVCNjg0MUJBMDAxNC5ncjcuYXAtbm9ydGhlYXN0LTIuZWtzLmFtYXpvbmF3cy5jb20nICAtLWt1YmVsZXQtZXh0cmEtYXJncyAiIiAnZWtzLXRlcnJhZm9ybS1qb25nJwoKIyBBbGxvdyB1c2VyIHN1cHBsaWVkIHVzZXJkYXRhIGNvZGUKZWNobyBmb28gYmFyCg==",
            "vpc_classic_link_id": "",
            "vpc_classic_link_security_groups": null
          },
          "private": "bnVsbA==",
          "dependencies": [
            "aws_security_group.bastion_sg",
            "aws_security_group.eks_test_sg_1",
            "aws_subnet.eks_pri_subnet",
            "aws_subnet.eks_pub_subnet",
            "aws_vpc.eks_test_vpc2",
            "module.eks.aws_cloudwatch_log_group.this",
            "module.eks.aws_eks_cluster.this",
            "module.eks.aws_iam_instance_profile.workers",
            "module.eks.aws_iam_role.cluster",
            "module.eks.aws_iam_role.workers",
            "module.eks.aws_iam_role_policy_attachment.cluster_AmazonEKSClusterPolicy",
            "module.eks.aws_iam_role_policy_attachment.cluster_AmazonEKSServicePolicy",
            "module.eks.aws_iam_role_policy_attachment.workers_AmazonEC2ContainerRegistryReadOnly",
            "module.eks.aws_iam_role_policy_attachment.workers_AmazonEKSWorkerNodePolicy",
            "module.eks.aws_iam_role_policy_attachment.workers_AmazonEKS_CNI_Policy",
            "module.eks.aws_iam_role_policy_attachment.workers_additional_policies",
            "module.eks.aws_security_group.cluster",
            "module.eks.aws_security_group.workers",
            "module.eks.aws_security_group_rule.cluster_egress_internet",
            "module.eks.aws_security_group_rule.cluster_https_worker_ingress",
            "module.eks.aws_security_group_rule.cluster_primary_ingress_workers",
            "module.eks.aws_security_group_rule.workers_egress_internet",
            "module.eks.aws_security_group_rule.workers_ingress_cluster",
            "module.eks.aws_security_group_rule.workers_ingress_cluster_https",
            "module.eks.aws_security_group_rule.workers_ingress_cluster_kubelet",
            "module.eks.aws_security_group_rule.workers_ingress_cluster_primary",
            "module.eks.aws_security_group_rule.workers_ingress_self"
          ]
        }
      ]
    },
    {
      "module": "module.eks",
      "mode": "managed",
      "type": "aws_launch_template",
      "name": "workers_launch_template",
      "each": "list",
      "provider": "provider.aws",
      "instances": []
    },
    {
      "mode": "managed",
      "type": "aws_nat_gateway",
      "name": "eks_test_ngw",
      "provider": "provider.aws",
      "instances": [
        {
          "schema_version": 0,
          "attributes": {
            "allocation_id": "eipalloc-05569c57c0ed4355f",
            "id": "nat-09deeed123ca81252",
            "network_interface_id": "eni-050dc8fd24b303156",
            "private_ip": "192.168.1.144",
            "public_ip": "52.78.168.40",
            "subnet_id": "subnet-0b1420ad0ddef1341",
            "tags": {
              "Name": "eks_test_ngw"
            }
          },
          "private": "bnVsbA==",
          "dependencies": [
            "aws_eip.nat_eip",
            "aws_subnet.eks_pub_subnet",
            "aws_vpc.eks_test_vpc2"
          ]
        }
      ]
    },
    {
      "mode": "managed",
      "type": "aws_route",
      "name": "private_ngw2",
      "each": "list",
      "provider": "provider.aws",
      "instances": [
        {
          "index_key": 0,
          "schema_version": 0,
          "attributes": {
            "carrier_gateway_id": "",
            "destination_cidr_block": "0.0.0.0/0",
            "destination_ipv6_cidr_block": "",
            "destination_prefix_list_id": "",
            "egress_only_gateway_id": "",
            "gateway_id": "",
            "id": "r-rtb-0e21d771028dc13691080289494",
            "instance_id": "",
            "instance_owner_id": "",
            "local_gateway_id": "",
            "nat_gateway_id": "nat-09deeed123ca81252",
            "network_interface_id": "",
            "origin": "CreateRoute",
            "route_table_id": "rtb-0e21d771028dc1369",
            "state": "active",
            "timeouts": null,
            "transit_gateway_id": "",
            "vpc_endpoint_id": "",
            "vpc_peering_connection_id": ""
          },
          "private": "eyJlMmJmYjczMC1lY2FhLTExZTYtOGY4OC0zNDM2M2JjN2M0YzAiOnsiY3JlYXRlIjoxMjAwMDAwMDAwMDAsImRlbGV0ZSI6MzAwMDAwMDAwMDAwfX0=",
          "dependencies": [
            "aws_eip.nat_eip",
            "aws_nat_gateway.eks_test_ngw",
            "aws_route_table.eks_test_pri_route2",
            "aws_subnet.eks_pub_subnet",
            "aws_vpc.eks_test_vpc2"
          ]
        },
        {
          "index_key": 1,
          "schema_version": 0,
          "attributes": {
            "carrier_gateway_id": "",
            "destination_cidr_block": "0.0.0.0/0",
            "destination_ipv6_cidr_block": "",
            "destination_prefix_list_id": "",
            "egress_only_gateway_id": "",
            "gateway_id": "",
            "id": "r-rtb-0d1f5aca9c0a529f31080289494",
            "instance_id": "",
            "instance_owner_id": "",
            "local_gateway_id": "",
            "nat_gateway_id": "nat-09deeed123ca81252",
            "network_interface_id": "",
            "origin": "CreateRoute",
            "route_table_id": "rtb-0d1f5aca9c0a529f3",
            "state": "active",
            "timeouts": null,
            "transit_gateway_id": "",
            "vpc_endpoint_id": "",
            "vpc_peering_connection_id": ""
          },
          "private": "eyJlMmJmYjczMC1lY2FhLTExZTYtOGY4OC0zNDM2M2JjN2M0YzAiOnsiY3JlYXRlIjoxMjAwMDAwMDAwMDAsImRlbGV0ZSI6MzAwMDAwMDAwMDAwfX0=",
          "dependencies": [
            "aws_eip.nat_eip",
            "aws_nat_gateway.eks_test_ngw",
            "aws_route_table.eks_test_pri_route2",
            "aws_subnet.eks_pub_subnet",
            "aws_vpc.eks_test_vpc2"
          ]
        }
      ]
    },
    {
      "mode": "managed",
      "type": "aws_route",
      "name": "public_igw2",
      "each": "list",
      "provider": "provider.aws",
      "instances": [
        {
          "index_key": 0,
          "schema_version": 0,
          "attributes": {
            "carrier_gateway_id": "",
            "destination_cidr_block": "0.0.0.0/0",
            "destination_ipv6_cidr_block": "",
            "destination_prefix_list_id": "",
            "egress_only_gateway_id": "",
            "gateway_id": "igw-01c839ee501d0fdb7",
            "id": "r-rtb-08b1d1adbbc9f36f31080289494",
            "instance_id": "",
            "instance_owner_id": "",
            "local_gateway_id": "",
            "nat_gateway_id": "",
            "network_interface_id": "",
            "origin": "CreateRoute",
            "route_table_id": "rtb-08b1d1adbbc9f36f3",
            "state": "active",
            "timeouts": null,
            "transit_gateway_id": "",
            "vpc_endpoint_id": "",
            "vpc_peering_connection_id": ""
          },
          "private": "eyJlMmJmYjczMC1lY2FhLTExZTYtOGY4OC0zNDM2M2JjN2M0YzAiOnsiY3JlYXRlIjoxMjAwMDAwMDAwMDAsImRlbGV0ZSI6MzAwMDAwMDAwMDAwfX0=",
          "dependencies": [
            "aws_internet_gateway.eks_test_igw2",
            "aws_route_table.eks_test_pub_route2",
            "aws_vpc.eks_test_vpc2"
          ]
        },
        {
          "index_key": 1,
          "schema_version": 0,
          "attributes": {
            "carrier_gateway_id": "",
            "destination_cidr_block": "0.0.0.0/0",
            "destination_ipv6_cidr_block": "",
            "destination_prefix_list_id": "",
            "egress_only_gateway_id": "",
            "gateway_id": "igw-01c839ee501d0fdb7",
            "id": "r-rtb-035c5a33f3d6bfef51080289494",
            "instance_id": "",
            "instance_owner_id": "",
            "local_gateway_id": "",
            "nat_gateway_id": "",
            "network_interface_id": "",
            "origin": "CreateRoute",
            "route_table_id": "rtb-035c5a33f3d6bfef5",
            "state": "active",
            "timeouts": null,
            "transit_gateway_id": "",
            "vpc_endpoint_id": "",
            "vpc_peering_connection_id": ""
          },
          "private": "eyJlMmJmYjczMC1lY2FhLTExZTYtOGY4OC0zNDM2M2JjN2M0YzAiOnsiY3JlYXRlIjoxMjAwMDAwMDAwMDAsImRlbGV0ZSI6MzAwMDAwMDAwMDAwfX0=",
          "dependencies": [
            "aws_internet_gateway.eks_test_igw2",
            "aws_route_table.eks_test_pub_route2",
            "aws_vpc.eks_test_vpc2"
          ]
        }
      ]
    },
    {
      "mode": "managed",
      "type": "aws_route_table",
      "name": "eks_test_pri_route2",
      "each": "list",
      "provider": "provider.aws",
      "instances": [
        {
          "index_key": 0,
          "schema_version": 0,
          "attributes": {
            "arn": "arn:aws:ec2:ap-northeast-2:525759056232:route-table/rtb-0e21d771028dc1369",
            "id": "rtb-0e21d771028dc1369",
            "owner_id": "525759056232",
            "propagating_vgws": [],
            "route": [],
            "tags": {
              "Name": "eks_test_pri_ap-northeast-2a_route2"
            },
            "vpc_id": "vpc-08c426d3f3ca66444"
          },
          "private": "bnVsbA==",
          "dependencies": [
            "aws_vpc.eks_test_vpc2"
          ]
        },
        {
          "index_key": 1,
          "schema_version": 0,
          "attributes": {
            "arn": "arn:aws:ec2:ap-northeast-2:525759056232:route-table/rtb-0d1f5aca9c0a529f3",
            "id": "rtb-0d1f5aca9c0a529f3",
            "owner_id": "525759056232",
            "propagating_vgws": [],
            "route": [],
            "tags": {
              "Name": "eks_test_pri_ap-northeast-2c_route2"
            },
            "vpc_id": "vpc-08c426d3f3ca66444"
          },
          "private": "bnVsbA==",
          "dependencies": [
            "aws_vpc.eks_test_vpc2"
          ]
        }
      ]
    },
    {
      "mode": "managed",
      "type": "aws_route_table",
      "name": "eks_test_pub_route2",
      "each": "list",
      "provider": "provider.aws",
      "instances": [
        {
          "index_key": 0,
          "schema_version": 0,
          "attributes": {
            "arn": "arn:aws:ec2:ap-northeast-2:525759056232:route-table/rtb-08b1d1adbbc9f36f3",
            "id": "rtb-08b1d1adbbc9f36f3",
            "owner_id": "525759056232",
            "propagating_vgws": [],
            "route": [],
            "tags": null,
            "vpc_id": "vpc-08c426d3f3ca66444"
          },
          "private": "bnVsbA==",
          "dependencies": [
            "aws_vpc.eks_test_vpc2"
          ]
        },
        {
          "index_key": 1,
          "schema_version": 0,
          "attributes": {
            "arn": "arn:aws:ec2:ap-northeast-2:525759056232:route-table/rtb-035c5a33f3d6bfef5",
            "id": "rtb-035c5a33f3d6bfef5",
            "owner_id": "525759056232",
            "propagating_vgws": [],
            "route": [],
            "tags": null,
            "vpc_id": "vpc-08c426d3f3ca66444"
          },
          "private": "bnVsbA==",
          "dependencies": [
            "aws_vpc.eks_test_vpc2"
          ]
        }
      ]
    },
    {
      "mode": "managed",
      "type": "aws_route_table_association",
      "name": "route_table_association_1",
      "each": "list",
      "provider": "provider.aws",
      "instances": [
        {
          "index_key": 0,
          "schema_version": 0,
          "attributes": {
            "gateway_id": null,
            "id": "rtbassoc-0489f7e9b73ab1e02",
            "route_table_id": "rtb-08b1d1adbbc9f36f3",
            "subnet_id": "subnet-0b1420ad0ddef1341"
          },
          "private": "bnVsbA==",
          "dependencies": [
            "aws_route_table.eks_test_pub_route2",
            "aws_subnet.eks_pub_subnet",
            "aws_vpc.eks_test_vpc2"
          ]
        },
        {
          "index_key": 1,
          "schema_version": 0,
          "attributes": {
            "gateway_id": null,
            "id": "rtbassoc-0864be6b466db136c",
            "route_table_id": "rtb-035c5a33f3d6bfef5",
            "subnet_id": "subnet-0973156399161f5fe"
          },
          "private": "bnVsbA==",
          "dependencies": [
            "aws_route_table.eks_test_pub_route2",
            "aws_subnet.eks_pub_subnet",
            "aws_vpc.eks_test_vpc2"
          ]
        }
      ]
    },
    {
      "mode": "managed",
      "type": "aws_route_table_association",
      "name": "route_table_association_2",
      "each": "list",
      "provider": "provider.aws",
      "instances": [
        {
          "index_key": 0,
          "schema_version": 0,
          "attributes": {
            "gateway_id": null,
            "id": "rtbassoc-0ba058ccc039dc7e1",
            "route_table_id": "rtb-0e21d771028dc1369",
            "subnet_id": "subnet-0defc194675c6231e"
          },
          "private": "bnVsbA==",
          "dependencies": [
            "aws_route_table.eks_test_pri_route2",
            "aws_subnet.eks_pri_subnet",
            "aws_vpc.eks_test_vpc2"
          ]
        },
        {
          "index_key": 1,
          "schema_version": 0,
          "attributes": {
            "gateway_id": null,
            "id": "rtbassoc-01602390835ed26e6",
            "route_table_id": "rtb-0d1f5aca9c0a529f3",
            "subnet_id": "subnet-0301a37ae3d1959ff"
          },
          "private": "bnVsbA==",
          "dependencies": [
            "aws_route_table.eks_test_pri_route2",
            "aws_subnet.eks_pri_subnet",
            "aws_vpc.eks_test_vpc2"
          ]
        }
      ]
    },
    {
      "mode": "managed",
      "type": "aws_security_group",
      "name": "bastion_sg",
      "provider": "provider.aws",
      "instances": [
        {
          "schema_version": 1,
          "attributes": {
            "arn": "arn:aws:ec2:ap-northeast-2:525759056232:security-group/sg-0a156d8beaf2e4823",
            "description": "Managed by Terraform",
            "egress": [
              {
                "cidr_blocks": [
                  "0.0.0.0/0"
                ],
                "description": "",
                "from_port": 0,
                "ipv6_cidr_blocks": [],
                "prefix_list_ids": [],
                "protocol": "-1",
                "security_groups": [],
                "self": false,
                "to_port": 0
              }
            ],
            "id": "sg-0a156d8beaf2e4823",
            "ingress": [
              {
                "cidr_blocks": [
                  "0.0.0.0/0"
                ],
                "description": "",
                "from_port": 22,
                "ipv6_cidr_blocks": [],
                "prefix_list_ids": [],
                "protocol": "tcp",
                "security_groups": [],
                "self": false,
                "to_port": 22
              }
            ],
            "name": "bastion",
            "name_prefix": "",
            "owner_id": "525759056232",
            "revoke_rules_on_delete": false,
            "tags": {
              "Name": "EKS-bastion-sg"
            },
            "timeouts": null,
            "vpc_id": "vpc-08c426d3f3ca66444"
          },
          "private": "eyJlMmJmYjczMC1lY2FhLTExZTYtOGY4OC0zNDM2M2JjN2M0YzAiOnsiY3JlYXRlIjo2MDAwMDAwMDAwMDAsImRlbGV0ZSI6OTAwMDAwMDAwMDAwfSwic2NoZW1hX3ZlcnNpb24iOiIxIn0=",
          "dependencies": [
            "aws_vpc.eks_test_vpc2"
          ]
        }
      ]
    },
    {
      "module": "module.eks",
      "mode": "managed",
      "type": "aws_security_group",
      "name": "cluster",
      "each": "list",
      "provider": "provider.aws",
      "instances": [
        {
          "index_key": 0,
          "schema_version": 1,
          "attributes": {
            "arn": "arn:aws:ec2:ap-northeast-2:525759056232:security-group/sg-00d75732eb28398cf",
            "description": "EKS cluster security group.",
            "egress": [],
            "id": "sg-00d75732eb28398cf",
            "ingress": [],
            "name": "eks-terraform-jong20210604032802205800000007",
            "name_prefix": "eks-terraform-jong",
            "owner_id": "525759056232",
            "revoke_rules_on_delete": false,
            "tags": {
              "Name": "eks-terraform-jong-eks_cluster_sg"
            },
            "timeouts": null,
            "vpc_id": "vpc-08c426d3f3ca66444"
          },
          "private": "eyJlMmJmYjczMC1lY2FhLTExZTYtOGY4OC0zNDM2M2JjN2M0YzAiOnsiY3JlYXRlIjo2MDAwMDAwMDAwMDAsImRlbGV0ZSI6OTAwMDAwMDAwMDAwfSwic2NoZW1hX3ZlcnNpb24iOiIxIn0=",
          "dependencies": [
            "aws_vpc.eks_test_vpc2"
          ]
        }
      ]
    },
    {
      "mode": "managed",
      "type": "aws_security_group",
      "name": "eks_test_sg_1",
      "provider": "provider.aws",
      "instances": [
        {
          "schema_version": 1,
          "attributes": {
            "arn": "arn:aws:ec2:ap-northeast-2:525759056232:security-group/sg-0a7f8fae00028de6f",
            "description": "Managed by Terraform",
            "egress": [],
            "id": "sg-0a7f8fae00028de6f",
            "ingress": [
              {
                "cidr_blocks": [
                  "0.0.0.0/8"
                ],
                "description": "value",
                "from_port": 22,
                "ipv6_cidr_blocks": [],
                "prefix_list_ids": [],
                "protocol": "tcp",
                "security_groups": [],
                "self": false,
                "to_port": 22
              }
            ],
            "name": "worker_group_mgmt_one20210604032801514600000005",
            "name_prefix": "worker_group_mgmt_one",
            "owner_id": "525759056232",
            "revoke_rules_on_delete": false,
            "tags": {
              "Name": "sg_4_worker_group_mgmt"
            },
            "timeouts": null,
            "vpc_id": "vpc-08c426d3f3ca66444"
          },
          "private": "eyJlMmJmYjczMC1lY2FhLTExZTYtOGY4OC0zNDM2M2JjN2M0YzAiOnsiY3JlYXRlIjo2MDAwMDAwMDAwMDAsImRlbGV0ZSI6OTAwMDAwMDAwMDAwfSwic2NoZW1hX3ZlcnNpb24iOiIxIn0=",
          "dependencies": [
            "aws_vpc.eks_test_vpc2"
          ]
        }
      ]
    },
    {
      "mode": "managed",
      "type": "aws_security_group",
      "name": "jenkins_server_sg",
      "provider": "provider.aws",
      "instances": [
        {
          "schema_version": 1,
          "attributes": {
            "arn": "arn:aws:ec2:ap-northeast-2:525759056232:security-group/sg-0ef5df1a5935b164b",
            "description": "Managed by Terraform",
            "egress": [
              {
                "cidr_blocks": [
                  "0.0.0.0/0"
                ],
                "description": "",
                "from_port": 0,
                "ipv6_cidr_blocks": [],
                "prefix_list_ids": [],
                "protocol": "-1",
                "security_groups": [],
                "self": false,
                "to_port": 0
              }
            ],
            "id": "sg-0ef5df1a5935b164b",
            "ingress": [
              {
                "cidr_blocks": [
                  "0.0.0.0/0"
                ],
                "description": "",
                "from_port": 22,
                "ipv6_cidr_blocks": [],
                "prefix_list_ids": [],
                "protocol": "tcp",
                "security_groups": [],
                "self": false,
                "to_port": 22
              }
            ],
            "name": "jenkins_server_security_group",
            "name_prefix": "",
            "owner_id": "525759056232",
            "revoke_rules_on_delete": false,
            "tags": {
              "Name": "Jenkins_server_security_group"
            },
            "timeouts": null,
            "vpc_id": "vpc-08c426d3f3ca66444"
          },
          "private": "eyJlMmJmYjczMC1lY2FhLTExZTYtOGY4OC0zNDM2M2JjN2M0YzAiOnsiY3JlYXRlIjo2MDAwMDAwMDAwMDAsImRlbGV0ZSI6OTAwMDAwMDAwMDAwfSwic2NoZW1hX3ZlcnNpb24iOiIxIn0=",
          "dependencies": [
            "aws_vpc.eks_test_vpc2"
          ]
        }
      ]
    },
    {
      "module": "module.eks",
      "mode": "managed",
      "type": "aws_security_group",
      "name": "workers",
      "each": "list",
      "provider": "provider.aws",
      "instances": [
        {
          "index_key": 0,
          "schema_version": 1,
          "attributes": {
            "arn": "arn:aws:ec2:ap-northeast-2:525759056232:security-group/sg-0e7863c434e4ed766",
            "description": "Security group for all nodes in the cluster.",
            "egress": [],
            "id": "sg-0e7863c434e4ed766",
            "ingress": [],
            "name": "eks-terraform-jong20210604032801515100000006",
            "name_prefix": "eks-terraform-jong",
            "owner_id": "525759056232",
            "revoke_rules_on_delete": false,
            "tags": {
              "Name": "eks-terraform-jong-eks_worker_sg",
              "kubernetes.io/cluster/eks-terraform-jong": "owned"
            },
            "timeouts": null,
            "vpc_id": "vpc-08c426d3f3ca66444"
          },
          "private": "eyJlMmJmYjczMC1lY2FhLTExZTYtOGY4OC0zNDM2M2JjN2M0YzAiOnsiY3JlYXRlIjo2MDAwMDAwMDAwMDAsImRlbGV0ZSI6OTAwMDAwMDAwMDAwfSwic2NoZW1hX3ZlcnNpb24iOiIxIn0=",
          "dependencies": [
            "aws_vpc.eks_test_vpc2"
          ]
        }
      ]
    },
    {
      "mode": "managed",
      "type": "aws_security_group_rule",
      "name": "bastion_host_access",
      "each": "list",
      "provider": "provider.aws",
      "instances": [
        {
          "index_key": 0,
          "schema_version": 2,
          "attributes": {
            "cidr_blocks": null,
            "description": "Allow bastion host to communicate with the EKS cluster API.",
            "from_port": 443,
            "id": "sgrule-1635705608",
            "ipv6_cidr_blocks": null,
            "prefix_list_ids": null,
            "protocol": "tcp",
            "security_group_id": "sg-00d75732eb28398cf",
            "self": false,
            "source_security_group_id": "sg-0a156d8beaf2e4823",
            "to_port": 443,
            "type": "ingress"
          },
          "private": "eyJzY2hlbWFfdmVyc2lvbiI6IjIifQ==",
          "dependencies": [
            "aws_security_group.bastion_sg",
            "aws_vpc.eks_test_vpc2",
            "module.eks.aws_security_group.cluster"
          ]
        }
      ]
    },
    {
      "mode": "managed",
      "type": "aws_security_group_rule",
      "name": "bastion_host_access_to_jenkins_server",
      "each": "list",
      "provider": "provider.aws",
      "instances": [
        {
          "index_key": 0,
          "schema_version": 2,
          "attributes": {
            "cidr_blocks": null,
            "description": "Allow jenkins server to communicate with the bastion host only",
            "from_port": 443,
            "id": "sgrule-1476660097",
            "ipv6_cidr_blocks": null,
            "prefix_list_ids": null,
            "protocol": "tcp",
            "security_group_id": "sg-0a156d8beaf2e4823",
            "self": false,
            "source_security_group_id": "sg-0ef5df1a5935b164b",
            "to_port": 443,
            "type": "ingress"
          },
          "private": "eyJzY2hlbWFfdmVyc2lvbiI6IjIifQ==",
          "dependencies": [
            "aws_security_group.bastion_sg",
            "aws_security_group.jenkins_server_sg",
            "aws_vpc.eks_test_vpc2"
          ]
        }
      ]
    },
    {
      "module": "module.eks",
      "mode": "managed",
      "type": "aws_security_group_rule",
      "name": "cluster_egress_internet",
      "each": "list",
      "provider": "provider.aws",
      "instances": [
        {
          "index_key": 0,
          "schema_version": 2,
          "attributes": {
            "cidr_blocks": [
              "0.0.0.0/0"
            ],
            "description": "Allow cluster egress access to the Internet.",
            "from_port": 0,
            "id": "sgrule-4279285599",
            "ipv6_cidr_blocks": null,
            "prefix_list_ids": null,
            "protocol": "-1",
            "security_group_id": "sg-00d75732eb28398cf",
            "self": false,
            "source_security_group_id": null,
            "to_port": 0,
            "type": "egress"
          },
          "private": "eyJzY2hlbWFfdmVyc2lvbiI6IjIifQ==",
          "dependencies": [
            "aws_vpc.eks_test_vpc2",
            "module.eks.aws_security_group.cluster"
          ]
        }
      ]
    },
    {
      "module": "module.eks",
      "mode": "managed",
      "type": "aws_security_group_rule",
      "name": "cluster_https_worker_ingress",
      "each": "list",
      "provider": "provider.aws",
      "instances": [
        {
          "index_key": 0,
          "schema_version": 2,
          "attributes": {
            "cidr_blocks": null,
            "description": "Allow pods to communicate with the EKS cluster API.",
            "from_port": 443,
            "id": "sgrule-2361946767",
            "ipv6_cidr_blocks": null,
            "prefix_list_ids": null,
            "protocol": "tcp",
            "security_group_id": "sg-00d75732eb28398cf",
            "self": false,
            "source_security_group_id": "sg-0e7863c434e4ed766",
            "to_port": 443,
            "type": "ingress"
          },
          "private": "eyJzY2hlbWFfdmVyc2lvbiI6IjIifQ==",
          "dependencies": [
            "aws_vpc.eks_test_vpc2",
            "module.eks.aws_security_group.cluster",
            "module.eks.aws_security_group.workers"
          ]
        }
      ]
    },
    {
      "module": "module.eks",
      "mode": "managed",
      "type": "aws_security_group_rule",
      "name": "cluster_primary_ingress_workers",
      "each": "list",
      "provider": "provider.aws",
      "instances": []
    },
    {
      "module": "module.eks",
      "mode": "managed",
      "type": "aws_security_group_rule",
      "name": "cluster_private_access",
      "each": "list",
      "provider": "provider.aws",
      "instances": []
    },
    {
      "module": "module.eks",
      "mode": "managed",
      "type": "aws_security_group_rule",
      "name": "workers_egress_internet",
      "each": "list",
      "provider": "provider.aws",
      "instances": [
        {
          "index_key": 0,
          "schema_version": 2,
          "attributes": {
            "cidr_blocks": [
              "0.0.0.0/0"
            ],
            "description": "Allow nodes all egress to the Internet.",
            "from_port": 0,
            "id": "sgrule-697434195",
            "ipv6_cidr_blocks": null,
            "prefix_list_ids": null,
            "protocol": "-1",
            "security_group_id": "sg-0e7863c434e4ed766",
            "self": false,
            "source_security_group_id": null,
            "to_port": 0,
            "type": "egress"
          },
          "private": "eyJzY2hlbWFfdmVyc2lvbiI6IjIifQ==",
          "dependencies": [
            "aws_vpc.eks_test_vpc2",
            "module.eks.aws_security_group.workers"
          ]
        }
      ]
    },
    {
      "module": "module.eks",
      "mode": "managed",
      "type": "aws_security_group_rule",
      "name": "workers_ingress_cluster",
      "each": "list",
      "provider": "provider.aws",
      "instances": [
        {
          "index_key": 0,
          "schema_version": 2,
          "attributes": {
            "cidr_blocks": null,
            "description": "Allow workers pods to receive communication from the cluster control plane.",
            "from_port": 1025,
            "id": "sgrule-1386067970",
            "ipv6_cidr_blocks": null,
            "prefix_list_ids": null,
            "protocol": "tcp",
            "security_group_id": "sg-0e7863c434e4ed766",
            "self": false,
            "source_security_group_id": "sg-00d75732eb28398cf",
            "to_port": 65535,
            "type": "ingress"
          },
          "private": "eyJzY2hlbWFfdmVyc2lvbiI6IjIifQ==",
          "dependencies": [
            "aws_vpc.eks_test_vpc2",
            "module.eks.aws_security_group.cluster",
            "module.eks.aws_security_group.workers"
          ]
        }
      ]
    },
    {
      "module": "module.eks",
      "mode": "managed",
      "type": "aws_security_group_rule",
      "name": "workers_ingress_cluster_https",
      "each": "list",
      "provider": "provider.aws",
      "instances": [
        {
          "index_key": 0,
          "schema_version": 2,
          "attributes": {
            "cidr_blocks": null,
            "description": "Allow pods running extension API servers on port 443 to receive communication from cluster control plane.",
            "from_port": 443,
            "id": "sgrule-2559080983",
            "ipv6_cidr_blocks": null,
            "prefix_list_ids": null,
            "protocol": "tcp",
            "security_group_id": "sg-0e7863c434e4ed766",
            "self": false,
            "source_security_group_id": "sg-00d75732eb28398cf",
            "to_port": 443,
            "type": "ingress"
          },
          "private": "eyJzY2hlbWFfdmVyc2lvbiI6IjIifQ==",
          "dependencies": [
            "aws_vpc.eks_test_vpc2",
            "module.eks.aws_security_group.cluster",
            "module.eks.aws_security_group.workers"
          ]
        }
      ]
    },
    {
      "module": "module.eks",
      "mode": "managed",
      "type": "aws_security_group_rule",
      "name": "workers_ingress_cluster_kubelet",
      "each": "list",
      "provider": "provider.aws",
      "instances": []
    },
    {
      "module": "module.eks",
      "mode": "managed",
      "type": "aws_security_group_rule",
      "name": "workers_ingress_cluster_primary",
      "each": "list",
      "provider": "provider.aws",
      "instances": []
    },
    {
      "module": "module.eks",
      "mode": "managed",
      "type": "aws_security_group_rule",
      "name": "workers_ingress_self",
      "each": "list",
      "provider": "provider.aws",
      "instances": [
        {
          "index_key": 0,
          "schema_version": 2,
          "attributes": {
            "cidr_blocks": null,
            "description": "Allow node to communicate with each other.",
            "from_port": 0,
            "id": "sgrule-2565558785",
            "ipv6_cidr_blocks": null,
            "prefix_list_ids": null,
            "protocol": "-1",
            "security_group_id": "sg-0e7863c434e4ed766",
            "self": false,
            "source_security_group_id": "sg-0e7863c434e4ed766",
            "to_port": 65535,
            "type": "ingress"
          },
          "private": "eyJzY2hlbWFfdmVyc2lvbiI6IjIifQ==",
          "dependencies": [
            "aws_vpc.eks_test_vpc2",
            "module.eks.aws_security_group.workers"
          ]
        }
      ]
    },
    {
      "mode": "managed",
      "type": "aws_subnet",
      "name": "eks_pri_subnet",
      "each": "list",
      "provider": "provider.aws",
      "instances": [
        {
          "index_key": 0,
          "schema_version": 1,
          "attributes": {
            "arn": "arn:aws:ec2:ap-northeast-2:525759056232:subnet/subnet-0defc194675c6231e",
            "assign_ipv6_address_on_creation": false,
            "availability_zone": "ap-northeast-2a",
            "availability_zone_id": "apne2-az1",
            "cidr_block": "192.168.10.0/24",
            "customer_owned_ipv4_pool": "",
            "id": "subnet-0defc194675c6231e",
            "ipv6_cidr_block": "",
            "ipv6_cidr_block_association_id": "",
            "map_customer_owned_ip_on_launch": false,
            "map_public_ip_on_launch": false,
            "outpost_arn": "",
            "owner_id": "525759056232",
            "tags": {
              "Name": "eks_pri_subnet_0",
              "kubernetes.io/cluster/eks-terraform-jong": "shared",
              "kubernetes.io/role/internal-elb": "1"
            },
            "tags_all": {
              "Name": "eks_pri_subnet_0",
              "kubernetes.io/cluster/eks-terraform-jong": "shared",
              "kubernetes.io/role/internal-elb": "1"
            },
            "timeouts": null,
            "vpc_id": "vpc-08c426d3f3ca66444"
          },
          "private": "eyJlMmJmYjczMC1lY2FhLTExZTYtOGY4OC0zNDM2M2JjN2M0YzAiOnsiY3JlYXRlIjo2MDAwMDAwMDAwMDAsImRlbGV0ZSI6MTIwMDAwMDAwMDAwMH0sInNjaGVtYV92ZXJzaW9uIjoiMSJ9",
          "dependencies": [
            "aws_vpc.eks_test_vpc2"
          ]
        },
        {
          "index_key": 1,
          "schema_version": 1,
          "attributes": {
            "arn": "arn:aws:ec2:ap-northeast-2:525759056232:subnet/subnet-0301a37ae3d1959ff",
            "assign_ipv6_address_on_creation": false,
            "availability_zone": "ap-northeast-2c",
            "availability_zone_id": "apne2-az3",
            "cidr_block": "192.168.11.0/24",
            "customer_owned_ipv4_pool": "",
            "id": "subnet-0301a37ae3d1959ff",
            "ipv6_cidr_block": "",
            "ipv6_cidr_block_association_id": "",
            "map_customer_owned_ip_on_launch": false,
            "map_public_ip_on_launch": false,
            "outpost_arn": "",
            "owner_id": "525759056232",
            "tags": {
              "Name": "eks_pri_subnet_1",
              "kubernetes.io/cluster/eks-terraform-jong": "shared",
              "kubernetes.io/role/internal-elb": "1"
            },
            "tags_all": {
              "Name": "eks_pri_subnet_1",
              "kubernetes.io/cluster/eks-terraform-jong": "shared",
              "kubernetes.io/role/internal-elb": "1"
            },
            "timeouts": null,
            "vpc_id": "vpc-08c426d3f3ca66444"
          },
          "private": "eyJlMmJmYjczMC1lY2FhLTExZTYtOGY4OC0zNDM2M2JjN2M0YzAiOnsiY3JlYXRlIjo2MDAwMDAwMDAwMDAsImRlbGV0ZSI6MTIwMDAwMDAwMDAwMH0sInNjaGVtYV92ZXJzaW9uIjoiMSJ9",
          "dependencies": [
            "aws_vpc.eks_test_vpc2"
          ]
        }
      ]
    },
    {
      "mode": "managed",
      "type": "aws_subnet",
      "name": "eks_pub_subnet",
      "each": "list",
      "provider": "provider.aws",
      "instances": [
        {
          "index_key": 0,
          "schema_version": 1,
          "attributes": {
            "arn": "arn:aws:ec2:ap-northeast-2:525759056232:subnet/subnet-0b1420ad0ddef1341",
            "assign_ipv6_address_on_creation": false,
            "availability_zone": "ap-northeast-2a",
            "availability_zone_id": "apne2-az1",
            "cidr_block": "192.168.1.0/24",
            "customer_owned_ipv4_pool": "",
            "id": "subnet-0b1420ad0ddef1341",
            "ipv6_cidr_block": "",
            "ipv6_cidr_block_association_id": "",
            "map_customer_owned_ip_on_launch": false,
            "map_public_ip_on_launch": false,
            "outpost_arn": "",
            "owner_id": "525759056232",
            "tags": {
              "Name": "eks_pub_subnet_0",
              "kubernetes.io/cluster/eks-terraform-jong": "shared",
              "kubernetes.io/role/elb": "1"
            },
            "tags_all": {
              "Name": "eks_pub_subnet_0",
              "kubernetes.io/cluster/eks-terraform-jong": "shared",
              "kubernetes.io/role/elb": "1"
            },
            "timeouts": null,
            "vpc_id": "vpc-08c426d3f3ca66444"
          },
          "private": "eyJlMmJmYjczMC1lY2FhLTExZTYtOGY4OC0zNDM2M2JjN2M0YzAiOnsiY3JlYXRlIjo2MDAwMDAwMDAwMDAsImRlbGV0ZSI6MTIwMDAwMDAwMDAwMH0sInNjaGVtYV92ZXJzaW9uIjoiMSJ9",
          "dependencies": [
            "aws_vpc.eks_test_vpc2"
          ]
        },
        {
          "index_key": 1,
          "schema_version": 1,
          "attributes": {
            "arn": "arn:aws:ec2:ap-northeast-2:525759056232:subnet/subnet-0973156399161f5fe",
            "assign_ipv6_address_on_creation": false,
            "availability_zone": "ap-northeast-2c",
            "availability_zone_id": "apne2-az3",
            "cidr_block": "192.168.2.0/24",
            "customer_owned_ipv4_pool": "",
            "id": "subnet-0973156399161f5fe",
            "ipv6_cidr_block": "",
            "ipv6_cidr_block_association_id": "",
            "map_customer_owned_ip_on_launch": false,
            "map_public_ip_on_launch": false,
            "outpost_arn": "",
            "owner_id": "525759056232",
            "tags": {
              "Name": "eks_pub_subnet_1",
              "kubernetes.io/cluster/eks-terraform-jong": "shared",
              "kubernetes.io/role/elb": "1"
            },
            "tags_all": {
              "Name": "eks_pub_subnet_1",
              "kubernetes.io/cluster/eks-terraform-jong": "shared",
              "kubernetes.io/role/elb": "1"
            },
            "timeouts": null,
            "vpc_id": "vpc-08c426d3f3ca66444"
          },
          "private": "eyJlMmJmYjczMC1lY2FhLTExZTYtOGY4OC0zNDM2M2JjN2M0YzAiOnsiY3JlYXRlIjo2MDAwMDAwMDAwMDAsImRlbGV0ZSI6MTIwMDAwMDAwMDAwMH0sInNjaGVtYV92ZXJzaW9uIjoiMSJ9",
          "dependencies": [
            "aws_vpc.eks_test_vpc2"
          ]
        }
      ]
    },
    {
      "mode": "managed",
      "type": "aws_vpc",
      "name": "eks_test_vpc2",
      "provider": "provider.aws",
      "instances": [
        {
          "schema_version": 1,
          "attributes": {
            "arn": "arn:aws:ec2:ap-northeast-2:525759056232:vpc/vpc-08c426d3f3ca66444",
            "assign_generated_ipv6_cidr_block": false,
            "cidr_block": "192.168.0.0/16",
            "default_network_acl_id": "acl-0f1def4a02a2a2ad9",
            "default_route_table_id": "rtb-0389d7966c46c3d98",
            "default_security_group_id": "sg-0592b3583f6e5d169",
            "dhcp_options_id": "dopt-e1681d8a",
            "enable_classiclink": null,
            "enable_classiclink_dns_support": null,
            "enable_dns_hostnames": true,
            "enable_dns_support": true,
            "id": "vpc-08c426d3f3ca66444",
            "instance_tenancy": "default",
            "ipv6_association_id": "",
            "ipv6_cidr_block": "",
            "main_route_table_id": "rtb-0389d7966c46c3d98",
            "owner_id": "525759056232",
            "tags": {
              "Name": "eks_test_vpc2"
            },
            "tags_all": {
              "Name": "eks_test_vpc2"
            }
          },
          "private": "eyJzY2hlbWFfdmVyc2lvbiI6IjEifQ=="
        }
      ]
    },
    {
      "module": "module.eks",
      "mode": "managed",
      "type": "kubernetes_config_map",
      "name": "aws_auth",
      "each": "list",
      "provider": "provider.kubernetes",
      "instances": [
        {
          "index_key": 0,
          "schema_version": 0,
          "attributes": {
            "binary_data": null,
            "data": {
              "mapAccounts": "[]\n",
              "mapRoles": "- \"groups\":\n  - \"system:bootstrappers\"\n  - \"system:nodes\"\n  \"rolearn\": \"arn:aws:iam::525759056232:role/eks-terraform-jong20210604033754867800000008\"\n  \"username\": \"system:node:{{EC2PrivateDNSName}}\"\n",
              "mapUsers": "[]\n"
            },
            "id": "kube-system/aws-auth",
            "metadata": [
              {
                "annotations": null,
                "generate_name": "",
                "generation": 0,
                "labels": null,
                "name": "aws-auth",
                "namespace": "kube-system",
                "resource_version": "795",
                "self_link": "/api/v1/namespaces/kube-system/configmaps/aws-auth",
                "uid": "5c5c1ce8-d285-4370-b1bf-62a78771b4d7"
              }
            ]
          },
          "private": "bnVsbA==",
          "dependencies": [
            "aws_security_group.bastion_sg",
            "aws_security_group.eks_test_sg_1",
            "aws_subnet.eks_pri_subnet",
            "aws_subnet.eks_pub_subnet",
            "aws_vpc.eks_test_vpc2",
            "module.eks.aws_cloudwatch_log_group.this",
            "module.eks.aws_eks_cluster.this",
            "module.eks.aws_iam_instance_profile.workers",
            "module.eks.aws_iam_instance_profile.workers_launch_template",
            "module.eks.aws_iam_role.cluster",
            "module.eks.aws_iam_role.workers",
            "module.eks.aws_iam_role_policy_attachment.cluster_AmazonEKSClusterPolicy",
            "module.eks.aws_iam_role_policy_attachment.cluster_AmazonEKSServicePolicy",
            "module.eks.aws_security_group.cluster",
            "module.eks.aws_security_group.workers",
            "module.eks.aws_security_group_rule.cluster_egress_internet",
            "module.eks.aws_security_group_rule.cluster_https_worker_ingress",
            "module.eks.aws_security_group_rule.cluster_private_access",
            "module.eks.null_resource.wait_for_cluster"
          ]
        }
      ]
    },
    {
      "module": "module.eks",
      "mode": "managed",
      "type": "local_file",
      "name": "kubeconfig",
      "each": "list",
      "provider": "provider.local",
      "instances": [
        {
          "index_key": 0,
          "schema_version": 0,
          "attributes": {
            "content": "apiVersion: v1\npreferences: {}\nkind: Config\n\nclusters:\n- cluster:\n    server: https://4A8AF78CADC60F06FE4F5B6841BA0014.gr7.ap-northeast-2.eks.amazonaws.com\n    certificate-authority-data: LS0tLS1CRUdJTiBDRVJUSUZJQ0FURS0tLS0tCk1JSUN5RENDQWJDZ0F3SUJBZ0lCQURBTkJna3Foa2lHOXcwQkFRc0ZBREFWTVJNd0VRWURWUVFERXdwcmRXSmwKY201bGRHVnpNQjRYRFRJeE1EWXdOREF6TXpNME1Gb1hEVE14TURZd01qQXpNek0wTUZvd0ZURVRNQkVHQTFVRQpBeE1LYTNWaVpYSnVaWFJsY3pDQ0FTSXdEUVlKS29aSWh2Y05BUUVCQlFBRGdnRVBBRENDQVFvQ2dnRUJBS0w5CmxzRkNNSEl0cW0xcFk1Sk0wQ0NHSksyRCtFczBISForMmJDWVpRbVJVSnU2ekhhRXR6QW9JRHBEMDNoeVExd1MKaS9MNkpEbFN6RzBVNzBBc09ma0k4RXp1UjhDakRYc2hMY3JPa2c1cmNZUXlyb3ZjZkk5c2NaRitGcG56MllRYwphQW1TZlY2bUcvdXZiZWI3d2NEUzFXWkxJdmljUlNwQ29NKzZWUHVXZXROZHJhS2tZcEpWdStXUGgwSlc1NlZHClRUWDBtR0pPYWhwMXFoazV2NkNnYTNSRkcwb3dhUFgweGR6T2lXZE1UYmxQL0gwdHZrbmtMUEZSeTZvMlNsWUEKd1MxeXBEZStMVE42S04yM3gzL01OMS95MTd2QVdIKzRMNWh5M3RkZVdsVUxEWEtWSSt4UDFKalZlNTJNL2x2TgpzRjFNNW9ZVE5yMjhzSHQ5NEhrQ0F3RUFBYU1qTUNFd0RnWURWUjBQQVFIL0JBUURBZ0trTUE4R0ExVWRFd0VCCi93UUZNQU1CQWY4d0RRWUpLb1pJaHZjTkFRRUxCUUFEZ2dFQkFGNlp6ZXYxc0F4WVRLeFJkUkQzSlc1WHNHNkcKRXgvSVlHSXdaN09tVjlhYlZXbzg3Z25tc2FZK0VSdS9DcGpMb212MkZ2YmlNRHg4c2lNUVRJV0cyb2l5d3h6cQpLMTVHWFQ0b2xyOFYzMnliU1hKVkhPdUQvQWNlb3ZOaVNFalkxMjU3N2xpdjZwUXRpNlkwalY1eGJlOWdGeTl4CmZOM0N5c3JjY2tmdmpPMWZFMTVJa1NFRjNnQWtwb01WWnY2U1h3L0xFY2pvNTVpdWpJMkVadmJ3Ukg5emhZUk4KTVdJN1VZNVpDdDFEQlVOQWdpeDk0dDQrWDRGLzVsZ0pvN3pqcUxzNDk0MmJ2RkVBaUpZREdkbERSUHRSRjdXawp4cjRwK2lUT2ZZR1pFN2s1ZVhOZURUN2pzbTI1L0VhWnVUTVpvU1FMdnhvNlBJT2xUSDd5THIzdFBKUT0KLS0tLS1FTkQgQ0VSVElGSUNBVEUtLS0tLQo=\n  name: eks_eks-terraform-jong\n\ncontexts:\n- context:\n    cluster: eks_eks-terraform-jong\n    user: eks_eks-terraform-jong\n  name: eks_eks-terraform-jong\n\ncurrent-context: eks_eks-terraform-jong\n\nusers:\n- name: eks_eks-terraform-jong\n  user:\n    exec:\n      apiVersion: client.authentication.k8s.io/v1alpha1\n      command: aws-iam-authenticator\n      args:\n        - \"token\"\n        - \"-i\"\n        - \"eks-terraform-jong\"\n",
            "content_base64": null,
            "directory_permission": "0755",
            "file_permission": "0644",
            "filename": "./kubeconfig_eks-terraform-jong",
            "id": "26713d15902c1e64323b25023acec6c453968fa9",
            "sensitive_content": null,
            "source": null
          },
          "private": "bnVsbA==",
          "dependencies": [
            "aws_subnet.eks_pri_subnet",
            "aws_subnet.eks_pub_subnet",
            "aws_vpc.eks_test_vpc2",
            "module.eks.aws_cloudwatch_log_group.this",
            "module.eks.aws_eks_cluster.this",
            "module.eks.aws_iam_role.cluster",
            "module.eks.aws_iam_role_policy_attachment.cluster_AmazonEKSClusterPolicy",
            "module.eks.aws_iam_role_policy_attachment.cluster_AmazonEKSServicePolicy",
            "module.eks.aws_security_group.cluster",
            "module.eks.aws_security_group.workers",
            "module.eks.aws_security_group_rule.cluster_egress_internet",
            "module.eks.aws_security_group_rule.cluster_https_worker_ingress"
          ]
        }
      ]
    },
    {
      "module": "module.eks",
      "mode": "managed",
      "type": "null_resource",
      "name": "wait_for_cluster",
      "each": "list",
      "provider": "provider.null",
      "instances": [
        {
          "index_key": 0,
          "schema_version": 0,
          "attributes": {
            "id": "168434779324072802",
            "triggers": null
          },
          "private": "bnVsbA==",
          "dependencies": [
            "aws_subnet.eks_pri_subnet",
            "aws_subnet.eks_pub_subnet",
            "aws_vpc.eks_test_vpc2",
            "module.eks.aws_cloudwatch_log_group.this",
            "module.eks.aws_eks_cluster.this",
            "module.eks.aws_iam_role.cluster",
            "module.eks.aws_iam_role_policy_attachment.cluster_AmazonEKSClusterPolicy",
            "module.eks.aws_iam_role_policy_attachment.cluster_AmazonEKSServicePolicy",
            "module.eks.aws_security_group.cluster",
            "module.eks.aws_security_group.workers",
            "module.eks.aws_security_group_rule.cluster_egress_internet",
            "module.eks.aws_security_group_rule.cluster_https_worker_ingress",
            "module.eks.aws_security_group_rule.cluster_private_access"
          ]
        }
      ]
    },
    {
      "module": "module.eks.module.node_groups",
      "mode": "managed",
      "type": "random_pet",
      "name": "node_groups",
      "each": "map",
      "provider": "provider.random",
      "instances": []
    },
    {
      "module": "module.eks",
      "mode": "managed",
      "type": "random_pet",
      "name": "workers",
      "each": "list",
      "provider": "provider.random",
      "instances": [
        {
          "index_key": 0,
          "schema_version": 0,
          "attributes": {
            "id": "maximum-seasnail",
            "keepers": {
              "lc_name": "eks-terraform-jong-worker-group-12021060403380077540000000d"
            },
            "length": 2,
            "prefix": null,
            "separator": "-"
          },
          "private": "bnVsbA==",
          "dependencies": [
            "aws_security_group.bastion_sg",
            "aws_security_group.eks_test_sg_1",
            "aws_subnet.eks_pri_subnet",
            "aws_subnet.eks_pub_subnet",
            "aws_vpc.eks_test_vpc2",
            "module.eks.aws_cloudwatch_log_group.this",
            "module.eks.aws_eks_cluster.this",
            "module.eks.aws_iam_instance_profile.workers",
            "module.eks.aws_iam_role.cluster",
            "module.eks.aws_iam_role.workers",
            "module.eks.aws_iam_role_policy_attachment.cluster_AmazonEKSClusterPolicy",
            "module.eks.aws_iam_role_policy_attachment.cluster_AmazonEKSServicePolicy",
            "module.eks.aws_iam_role_policy_attachment.workers_AmazonEC2ContainerRegistryReadOnly",
            "module.eks.aws_iam_role_policy_attachment.workers_AmazonEKSWorkerNodePolicy",
            "module.eks.aws_iam_role_policy_attachment.workers_AmazonEKS_CNI_Policy",
            "module.eks.aws_iam_role_policy_attachment.workers_additional_policies",
            "module.eks.aws_launch_configuration.workers",
            "module.eks.aws_security_group.cluster",
            "module.eks.aws_security_group.workers",
            "module.eks.aws_security_group_rule.cluster_egress_internet",
            "module.eks.aws_security_group_rule.cluster_https_worker_ingress",
            "module.eks.aws_security_group_rule.cluster_primary_ingress_workers",
            "module.eks.aws_security_group_rule.workers_egress_internet",
            "module.eks.aws_security_group_rule.workers_ingress_cluster",
            "module.eks.aws_security_group_rule.workers_ingress_cluster_https",
            "module.eks.aws_security_group_rule.workers_ingress_cluster_kubelet",
            "module.eks.aws_security_group_rule.workers_ingress_cluster_primary",
            "module.eks.aws_security_group_rule.workers_ingress_self"
          ]
        }
      ]
    },
    {
      "module": "module.eks",
      "mode": "managed",
      "type": "random_pet",
      "name": "workers_launch_template",
      "each": "list",
      "provider": "provider.random",
      "instances": []
    }
  ]
}
